{
  "version": 4,
  "terraform_version": "1.5.0",
  "serial": 374,
  "lineage": "30efa184-5593-9239-44b4-391f52d0d5a5",
  "outputs": {},
  "resources": [
    {
      "mode": "managed",
      "type": "nxos_bridge_domain",
      "name": "vlan_87",
      "provider": "provider[\"registry.terraform.io/ciscodevnet/nxos\"]",
      "instances": [
        {
          "schema_version": 0,
          "attributes": {
            "access_encap": "unknown",
            "device": null,
            "fabric_encap": "vlan-87",
            "id": "sys/bd/bd-[vlan-87]",
            "name": "kelce"
          },
          "sensitive_attributes": []
        }
      ]
    },
    {
      "mode": "managed",
      "type": "nxos_bridge_domain",
      "name": "vlan_95",
      "provider": "provider[\"registry.terraform.io/ciscodevnet/nxos\"]",
      "instances": [
        {
          "schema_version": 0,
          "attributes": {
            "access_encap": "unknown",
            "device": null,
            "fabric_encap": "vlan-95",
            "id": "sys/bd/bd-[vlan-95]",
            "name": "jones"
          },
          "sensitive_attributes": []
        }
      ]
    },
    {
      "mode": "managed",
      "type": "nxos_bridge_domain",
      "name": "vlan_net1_vlan",
      "provider": "provider[\"registry.terraform.io/ciscodevnet/nxos\"]",
      "instances": [
        {
          "schema_version": 0,
          "attributes": {
            "access_encap": "unknown",
            "device": null,
            "fabric_encap": "vlan-15",
            "id": "sys/bd/bd-[vlan-15]",
            "name": "Mahomes"
          },
          "sensitive_attributes": []
        }
      ]
    },
    {
      "mode": "managed",
      "type": "nxos_feature_hsrp",
      "name": "hsrp",
      "provider": "provider[\"registry.terraform.io/ciscodevnet/nxos\"]",
      "instances": [
        {
          "schema_version": 0,
          "attributes": {
            "admin_state": "enabled",
            "device": null,
            "id": "sys/fm/hsrp"
          },
          "sensitive_attributes": []
        }
      ]
    },
    {
      "mode": "managed",
      "type": "nxos_feature_interface_vlan",
      "name": "interface_vlan",
      "provider": "provider[\"registry.terraform.io/ciscodevnet/nxos\"]",
      "instances": [
        {
          "schema_version": 0,
          "attributes": {
            "admin_state": "enabled",
            "device": null,
            "id": "sys/fm/ifvlan"
          },
          "sensitive_attributes": []
        }
      ]
    },
    {
      "mode": "managed",
      "type": "nxos_ipv4_interface",
      "name": "svi_net1_l3",
      "provider": "provider[\"registry.terraform.io/ciscodevnet/nxos\"]",
      "instances": [
        {
          "schema_version": 0,
          "attributes": {
            "device": null,
            "drop_glean": "disabled",
            "forward": "disabled",
            "id": "sys/ipv4/inst/dom-[chiefs]/if-[vlan15]",
            "interface_id": "vlan15",
            "unnumbered": "unspecified",
            "urpf": "disabled",
            "vrf": "chiefs"
          },
          "sensitive_attributes": [],
          "dependencies": [
            "nxos_feature_interface_vlan.interface_vlan",
            "nxos_svi_interface.svi_net1",
            "nxos_svi_interface_vrf.svi_net1_vrf"
          ]
        }
      ]
    },
    {
      "mode": "managed",
      "type": "nxos_ipv4_interface",
      "name": "svi_net2_l3",
      "provider": "provider[\"registry.terraform.io/ciscodevnet/nxos\"]",
      "instances": [
        {
          "schema_version": 0,
          "attributes": {
            "device": null,
            "drop_glean": "disabled",
            "forward": "disabled",
            "id": "sys/ipv4/inst/dom-[chiefs]/if-[vlan85]",
            "interface_id": "vlan85",
            "unnumbered": "unspecified",
            "urpf": "disabled",
            "vrf": "chiefs"
          },
          "sensitive_attributes": [],
          "dependencies": [
            "nxos_feature_interface_vlan.interface_vlan",
            "nxos_svi_interface.svi_net2",
            "nxos_svi_interface_vrf.svi_net2_vrf"
          ]
        }
      ]
    },
    {
      "mode": "managed",
      "type": "nxos_ipv4_interface",
      "name": "svi_net3_l3",
      "provider": "provider[\"registry.terraform.io/ciscodevnet/nxos\"]",
      "instances": [
        {
          "schema_version": 0,
          "attributes": {
            "device": null,
            "drop_glean": "disabled",
            "forward": "disabled",
            "id": "sys/ipv4/inst/dom-[chiefs]/if-[vlan95]",
            "interface_id": "vlan95",
            "unnumbered": "unspecified",
            "urpf": "disabled",
            "vrf": "chiefs"
          },
          "sensitive_attributes": [],
          "dependencies": [
            "nxos_feature_interface_vlan.interface_vlan",
            "nxos_svi_interface.svi_net3",
            "nxos_svi_interface_vrf.svi_net3_vrf"
          ]
        }
      ]
    },
    {
      "mode": "managed",
      "type": "nxos_ipv4_interface_address",
      "name": "svi_net1_ip",
      "provider": "provider[\"registry.terraform.io/ciscodevnet/nxos\"]",
      "instances": [
        {
          "schema_version": 0,
          "attributes": {
            "address": "192.168.15.2/24",
            "device": null,
            "id": "sys/ipv4/inst/dom-[chiefs]/if-[vlan15]/addr-[192.168.15.2/24]",
            "interface_id": "vlan15",
            "type": "primary",
            "vrf": "chiefs"
          },
          "sensitive_attributes": [],
          "dependencies": [
            "nxos_feature_interface_vlan.interface_vlan",
            "nxos_ipv4_interface.svi_net1_l3",
            "nxos_svi_interface.svi_net1",
            "nxos_svi_interface_vrf.svi_net1_vrf"
          ]
        }
      ]
    },
    {
      "mode": "managed",
      "type": "nxos_ipv4_interface_address",
      "name": "svi_net2_ip",
      "provider": "provider[\"registry.terraform.io/ciscodevnet/nxos\"]",
      "instances": [
        {
          "schema_version": 0,
          "attributes": {
            "address": "192.168.85.2/24",
            "device": null,
            "id": "sys/ipv4/inst/dom-[chiefs]/if-[vlan85]/addr-[192.168.85.2/24]",
            "interface_id": "vlan85",
            "type": "primary",
            "vrf": "chiefs"
          },
          "sensitive_attributes": [],
          "dependencies": [
            "nxos_feature_interface_vlan.interface_vlan",
            "nxos_ipv4_interface.svi_net2_l3",
            "nxos_svi_interface.svi_net2",
            "nxos_svi_interface_vrf.svi_net2_vrf"
          ]
        }
      ]
    },
    {
      "mode": "managed",
      "type": "nxos_ipv4_interface_address",
      "name": "svi_net3_ip",
      "provider": "provider[\"registry.terraform.io/ciscodevnet/nxos\"]",
      "instances": [
        {
          "schema_version": 0,
          "attributes": {
            "address": "192.168.95.2/24",
            "device": null,
            "id": "sys/ipv4/inst/dom-[chiefs]/if-[vlan95]/addr-[192.168.95.2/24]",
            "interface_id": "vlan95",
            "type": "primary",
            "vrf": "chiefs"
          },
          "sensitive_attributes": [],
          "dependencies": [
            "nxos_feature_interface_vlan.interface_vlan",
            "nxos_ipv4_interface.svi_net3_l3",
            "nxos_svi_interface.svi_net3",
            "nxos_svi_interface_vrf.svi_net3_vrf"
          ]
        }
      ]
    },
    {
      "mode": "managed",
      "type": "nxos_physical_interface",
      "name": "eth1_5",
      "provider": "provider[\"registry.terraform.io/ciscodevnet/nxos\"]",
      "instances": [
        {
          "schema_version": 0,
          "attributes": {
            "access_vlan": "vlan-15",
            "admin_state": "up",
            "auto_negotiation": "on",
            "bandwidth": 0,
            "delay": 1,
            "description": "Mahomes",
            "device": null,
            "duplex": "auto",
            "fec_mode": "auto",
            "id": "sys/intf/phys-[eth1/5]",
            "interface_id": "eth1/5",
            "layer": "Layer2",
            "link_debounce_down": 100,
            "link_debounce_up": 0,
            "link_logging": "default",
            "medium": "broadcast",
            "mode": "access",
            "mtu": 1500,
            "native_vlan": "vlan-1",
            "speed": "auto",
            "speed_group": "auto",
            "trunk_vlans": "1-4094",
            "uni_directional_ethernet": "disable",
            "user_configured_flags": null
          },
          "sensitive_attributes": []
        }
      ]
    },
    {
      "mode": "managed",
      "type": "nxos_physical_interface",
      "name": "eth1_6",
      "provider": "provider[\"registry.terraform.io/ciscodevnet/nxos\"]",
      "instances": [
        {
          "schema_version": 0,
          "attributes": {
            "access_vlan": "vlan-85",
            "admin_state": "up",
            "auto_negotiation": "on",
            "bandwidth": 0,
            "delay": 1,
            "description": "Kelce",
            "device": null,
            "duplex": "auto",
            "fec_mode": "auto",
            "id": "sys/intf/phys-[eth1/6]",
            "interface_id": "eth1/6",
            "layer": "Layer2",
            "link_debounce_down": 100,
            "link_debounce_up": 0,
            "link_logging": "default",
            "medium": "broadcast",
            "mode": "access",
            "mtu": 1500,
            "native_vlan": "vlan-1",
            "speed": "auto",
            "speed_group": "auto",
            "trunk_vlans": "1-4094",
            "uni_directional_ethernet": "disable",
            "user_configured_flags": null
          },
          "sensitive_attributes": []
        }
      ]
    },
    {
      "mode": "managed",
      "type": "nxos_physical_interface",
      "name": "eth1_7",
      "provider": "provider[\"registry.terraform.io/ciscodevnet/nxos\"]",
      "instances": [
        {
          "schema_version": 0,
          "attributes": {
            "access_vlan": "vlan-95",
            "admin_state": "up",
            "auto_negotiation": "on",
            "bandwidth": 0,
            "delay": 1,
            "description": "Jones",
            "device": null,
            "duplex": "auto",
            "fec_mode": "auto",
            "id": "sys/intf/phys-[eth1/7]",
            "interface_id": "eth1/7",
            "layer": "Layer2",
            "link_debounce_down": 100,
            "link_debounce_up": 0,
            "link_logging": "default",
            "medium": "broadcast",
            "mode": "access",
            "mtu": 1500,
            "native_vlan": "vlan-1",
            "speed": "auto",
            "speed_group": "auto",
            "trunk_vlans": "1-4094",
            "uni_directional_ethernet": "disable",
            "user_configured_flags": null
          },
          "sensitive_attributes": []
        }
      ]
    },
    {
      "mode": "managed",
      "type": "nxos_svi_interface",
      "name": "svi_net1",
      "provider": "provider[\"registry.terraform.io/ciscodevnet/nxos\"]",
      "instances": [
        {
          "schema_version": 0,
          "attributes": {
            "admin_state": "up",
            "bandwidth": 1000000,
            "delay": 1,
            "description": "Mahomes",
            "device": null,
            "id": "sys/intf/svi-[vlan15]",
            "interface_id": "vlan15",
            "medium": "bcast",
            "mtu": 9216
          },
          "sensitive_attributes": [],
          "dependencies": [
            "nxos_feature_interface_vlan.interface_vlan"
          ]
        }
      ]
    },
    {
      "mode": "managed",
      "type": "nxos_svi_interface",
      "name": "svi_net2",
      "provider": "provider[\"registry.terraform.io/ciscodevnet/nxos\"]",
      "instances": [
        {
          "schema_version": 0,
          "attributes": {
            "admin_state": "up",
            "bandwidth": 1000000,
            "delay": 1,
            "description": "Kelce",
            "device": null,
            "id": "sys/intf/svi-[vlan85]",
            "interface_id": "vlan85",
            "medium": "bcast",
            "mtu": 9216
          },
          "sensitive_attributes": [],
          "dependencies": [
            "nxos_feature_interface_vlan.interface_vlan"
          ]
        }
      ]
    },
    {
      "mode": "managed",
      "type": "nxos_svi_interface",
      "name": "svi_net3",
      "provider": "provider[\"registry.terraform.io/ciscodevnet/nxos\"]",
      "instances": [
        {
          "schema_version": 0,
          "attributes": {
            "admin_state": "up",
            "bandwidth": 1000000,
            "delay": 1,
            "description": "Jones",
            "device": null,
            "id": "sys/intf/svi-[vlan95]",
            "interface_id": "vlan95",
            "medium": "bcast",
            "mtu": 9216
          },
          "sensitive_attributes": [],
          "dependencies": [
            "nxos_feature_interface_vlan.interface_vlan"
          ]
        }
      ]
    },
    {
      "mode": "managed",
      "type": "nxos_svi_interface_vrf",
      "name": "svi_net1_vrf",
      "provider": "provider[\"registry.terraform.io/ciscodevnet/nxos\"]",
      "instances": [
        {
          "schema_version": 0,
          "attributes": {
            "device": null,
            "id": "sys/intf/svi-[vlan15]/rtvrfMbr",
            "interface_id": "vlan15",
            "vrf_dn": "sys/inst-chiefs"
          },
          "sensitive_attributes": [],
          "dependencies": [
            "nxos_feature_interface_vlan.interface_vlan",
            "nxos_svi_interface.svi_net1"
          ]
        }
      ]
    },
    {
      "mode": "managed",
      "type": "nxos_svi_interface_vrf",
      "name": "svi_net2_vrf",
      "provider": "provider[\"registry.terraform.io/ciscodevnet/nxos\"]",
      "instances": [
        {
          "schema_version": 0,
          "attributes": {
            "device": null,
            "id": "sys/intf/svi-[vlan85]/rtvrfMbr",
            "interface_id": "vlan85",
            "vrf_dn": "sys/inst-chiefs"
          },
          "sensitive_attributes": [],
          "dependencies": [
            "nxos_feature_interface_vlan.interface_vlan",
            "nxos_svi_interface.svi_net2"
          ]
        }
      ]
    },
    {
      "mode": "managed",
      "type": "nxos_svi_interface_vrf",
      "name": "svi_net3_vrf",
      "provider": "provider[\"registry.terraform.io/ciscodevnet/nxos\"]",
      "instances": [
        {
          "schema_version": 0,
          "attributes": {
            "device": null,
            "id": "sys/intf/svi-[vlan95]/rtvrfMbr",
            "interface_id": "vlan95",
            "vrf_dn": "sys/inst-chiefs"
          },
          "sensitive_attributes": [],
          "dependencies": [
            "nxos_feature_interface_vlan.interface_vlan",
            "nxos_svi_interface.svi_net3"
          ]
        }
      ]
    },
    {
      "mode": "managed",
      "type": "nxos_system",
      "name": "topSystem",
      "provider": "provider[\"registry.terraform.io/ciscodevnet/nxos\"]",
      "instances": [
        {
          "schema_version": 0,
          "attributes": {
            "device": null,
            "id": "sys",
            "name": "tres-terraform"
          },
          "sensitive_attributes": []
        }
      ]
    },
    {
      "mode": "managed",
      "type": "nxos_vrf",
      "name": "vrf",
      "provider": "provider[\"registry.terraform.io/ciscodevnet/nxos\"]",
      "instances": [
        {
          "schema_version": 0,
          "attributes": {
            "description": null,
            "device": null,
            "encap": "unknown",
            "id": "sys/inst-[chiefs]",
            "name": "chiefs"
          },
          "sensitive_attributes": []
        }
      ]
    }
  ],
  "check_results": null
}
