{
  "version": 4,
  "terraform_version": "1.6.5",
  "serial": 240,
  "lineage": "8daeecc8-66e1-98f6-a2aa-ec9f383578bc",
  "outputs": {},
  "resources": [
    {
      "module": "module.nxos_config",
      "mode": "managed",
      "type": "nxos_bridge_domain",
      "name": "l2BD",
      "provider": "provider[\"registry.terraform.io/ciscodevnet/nxos\"]",
      "instances": [
        {
          "index_key": "13",
          "schema_version": 0,
          "attributes": {
            "access_encap": "unknown",
            "device": null,
            "fabric_encap": "vlan-13",
            "id": "sys/bd/bd-[vlan-13]",
            "name": "mahomes"
          },
          "sensitive_attributes": [],
          "dependencies": [
            "module.nxos_config.module.nxos_features.nxos_feature_bfd.fmBfd",
            "module.nxos_config.module.nxos_features.nxos_feature_bgp.fmBgp",
            "module.nxos_config.module.nxos_features.nxos_feature_dhcp.fmDhcp",
            "module.nxos_config.module.nxos_features.nxos_feature_evpn.fmEvpn",
            "module.nxos_config.module.nxos_features.nxos_feature_hmm.fmHmm",
            "module.nxos_config.module.nxos_features.nxos_feature_hsrp.fmHsrp",
            "module.nxos_config.module.nxos_features.nxos_feature_interface_vlan.fmInterfaceVlan",
            "module.nxos_config.module.nxos_features.nxos_feature_isis.fmIsis",
            "module.nxos_config.module.nxos_features.nxos_feature_lacp.fmLacp",
            "module.nxos_config.module.nxos_features.nxos_feature_lldp.fmLldp",
            "module.nxos_config.module.nxos_features.nxos_feature_macsec.fmMacsec",
            "module.nxos_config.module.nxos_features.nxos_feature_netflow.fmNetflow",
            "module.nxos_config.module.nxos_features.nxos_feature_nv_overlay.fmNvo",
            "module.nxos_config.module.nxos_features.nxos_feature_ospf.fmOspf",
            "module.nxos_config.module.nxos_features.nxos_feature_ospfv3.fmOspfv3",
            "module.nxos_config.module.nxos_features.nxos_feature_pim.fmPim",
            "module.nxos_config.module.nxos_features.nxos_feature_ptp.fmPtp",
            "module.nxos_config.module.nxos_features.nxos_feature_pvlan.fmPvlan",
            "module.nxos_config.module.nxos_features.nxos_feature_ssh.fmSsh",
            "module.nxos_config.module.nxos_features.nxos_feature_tacacs.fmTacacsplus",
            "module.nxos_config.module.nxos_features.nxos_feature_telnet.fmTelnet",
            "module.nxos_config.module.nxos_features.nxos_feature_udld.fmUdld",
            "module.nxos_config.module.nxos_features.nxos_feature_vn_segment.fmVnSegment",
            "module.nxos_config.module.nxos_features.nxos_feature_vpc.fmVpc",
            "module.nxos_config.module.nxos_features.nxos_ospf.ospfEntity"
          ]
        },
        {
          "index_key": "87",
          "schema_version": 0,
          "attributes": {
            "access_encap": "unknown",
            "device": null,
            "fabric_encap": "vlan-87",
            "id": "sys/bd/bd-[vlan-87]",
            "name": "kelce"
          },
          "sensitive_attributes": [],
          "dependencies": [
            "module.nxos_config.module.nxos_features.nxos_feature_bfd.fmBfd",
            "module.nxos_config.module.nxos_features.nxos_feature_bgp.fmBgp",
            "module.nxos_config.module.nxos_features.nxos_feature_dhcp.fmDhcp",
            "module.nxos_config.module.nxos_features.nxos_feature_evpn.fmEvpn",
            "module.nxos_config.module.nxos_features.nxos_feature_hmm.fmHmm",
            "module.nxos_config.module.nxos_features.nxos_feature_hsrp.fmHsrp",
            "module.nxos_config.module.nxos_features.nxos_feature_interface_vlan.fmInterfaceVlan",
            "module.nxos_config.module.nxos_features.nxos_feature_isis.fmIsis",
            "module.nxos_config.module.nxos_features.nxos_feature_lacp.fmLacp",
            "module.nxos_config.module.nxos_features.nxos_feature_lldp.fmLldp",
            "module.nxos_config.module.nxos_features.nxos_feature_macsec.fmMacsec",
            "module.nxos_config.module.nxos_features.nxos_feature_netflow.fmNetflow",
            "module.nxos_config.module.nxos_features.nxos_feature_nv_overlay.fmNvo",
            "module.nxos_config.module.nxos_features.nxos_feature_ospf.fmOspf",
            "module.nxos_config.module.nxos_features.nxos_feature_ospfv3.fmOspfv3",
            "module.nxos_config.module.nxos_features.nxos_feature_pim.fmPim",
            "module.nxos_config.module.nxos_features.nxos_feature_ptp.fmPtp",
            "module.nxos_config.module.nxos_features.nxos_feature_pvlan.fmPvlan",
            "module.nxos_config.module.nxos_features.nxos_feature_ssh.fmSsh",
            "module.nxos_config.module.nxos_features.nxos_feature_tacacs.fmTacacsplus",
            "module.nxos_config.module.nxos_features.nxos_feature_telnet.fmTelnet",
            "module.nxos_config.module.nxos_features.nxos_feature_udld.fmUdld",
            "module.nxos_config.module.nxos_features.nxos_feature_vn_segment.fmVnSegment",
            "module.nxos_config.module.nxos_features.nxos_feature_vpc.fmVpc",
            "module.nxos_config.module.nxos_features.nxos_ospf.ospfEntity"
          ]
        },
        {
          "index_key": "95",
          "schema_version": 0,
          "attributes": {
            "access_encap": "unknown",
            "device": null,
            "fabric_encap": "vlan-95",
            "id": "sys/bd/bd-[vlan-95]",
            "name": "jones"
          },
          "sensitive_attributes": [],
          "dependencies": [
            "module.nxos_config.module.nxos_features.nxos_feature_bfd.fmBfd",
            "module.nxos_config.module.nxos_features.nxos_feature_bgp.fmBgp",
            "module.nxos_config.module.nxos_features.nxos_feature_dhcp.fmDhcp",
            "module.nxos_config.module.nxos_features.nxos_feature_evpn.fmEvpn",
            "module.nxos_config.module.nxos_features.nxos_feature_hmm.fmHmm",
            "module.nxos_config.module.nxos_features.nxos_feature_hsrp.fmHsrp",
            "module.nxos_config.module.nxos_features.nxos_feature_interface_vlan.fmInterfaceVlan",
            "module.nxos_config.module.nxos_features.nxos_feature_isis.fmIsis",
            "module.nxos_config.module.nxos_features.nxos_feature_lacp.fmLacp",
            "module.nxos_config.module.nxos_features.nxos_feature_lldp.fmLldp",
            "module.nxos_config.module.nxos_features.nxos_feature_macsec.fmMacsec",
            "module.nxos_config.module.nxos_features.nxos_feature_netflow.fmNetflow",
            "module.nxos_config.module.nxos_features.nxos_feature_nv_overlay.fmNvo",
            "module.nxos_config.module.nxos_features.nxos_feature_ospf.fmOspf",
            "module.nxos_config.module.nxos_features.nxos_feature_ospfv3.fmOspfv3",
            "module.nxos_config.module.nxos_features.nxos_feature_pim.fmPim",
            "module.nxos_config.module.nxos_features.nxos_feature_ptp.fmPtp",
            "module.nxos_config.module.nxos_features.nxos_feature_pvlan.fmPvlan",
            "module.nxos_config.module.nxos_features.nxos_feature_ssh.fmSsh",
            "module.nxos_config.module.nxos_features.nxos_feature_tacacs.fmTacacsplus",
            "module.nxos_config.module.nxos_features.nxos_feature_telnet.fmTelnet",
            "module.nxos_config.module.nxos_features.nxos_feature_udld.fmUdld",
            "module.nxos_config.module.nxos_features.nxos_feature_vn_segment.fmVnSegment",
            "module.nxos_config.module.nxos_features.nxos_feature_vpc.fmVpc",
            "module.nxos_config.module.nxos_features.nxos_ospf.ospfEntity"
          ]
        }
      ]
    },
    {
      "module": "module.nxos_config",
      "mode": "managed",
      "type": "nxos_system",
      "name": "topSystem",
      "provider": "provider[\"registry.terraform.io/ciscodevnet/nxos\"]",
      "instances": [
        {
          "index_key": 0,
          "schema_version": 0,
          "attributes": {
            "device": null,
            "id": "sys",
            "name": "tres-terraform"
          },
          "sensitive_attributes": []
        }
      ]
    },
    {
      "module": "module.nxos_config.module.nxos_features[0]",
      "mode": "managed",
      "type": "nxos_feature_bfd",
      "name": "fmBfd",
      "provider": "provider[\"registry.terraform.io/ciscodevnet/nxos\"]",
      "instances": [
        {
          "index_key": 0,
          "schema_version": 0,
          "attributes": {
            "admin_state": "disabled",
            "device": null,
            "id": "sys/fm/bfd"
          },
          "sensitive_attributes": []
        }
      ]
    },
    {
      "module": "module.nxos_config.module.nxos_features[0]",
      "mode": "managed",
      "type": "nxos_feature_bgp",
      "name": "fmBgp",
      "provider": "provider[\"registry.terraform.io/ciscodevnet/nxos\"]",
      "instances": [
        {
          "index_key": 0,
          "schema_version": 0,
          "attributes": {
            "admin_state": "disabled",
            "device": null,
            "id": "sys/fm/bgp"
          },
          "sensitive_attributes": []
        }
      ]
    },
    {
      "module": "module.nxos_config.module.nxos_features[0]",
      "mode": "managed",
      "type": "nxos_feature_dhcp",
      "name": "fmDhcp",
      "provider": "provider[\"registry.terraform.io/ciscodevnet/nxos\"]",
      "instances": [
        {
          "index_key": 0,
          "schema_version": 0,
          "attributes": {
            "admin_state": "disabled",
            "device": null,
            "id": "sys/fm/dhcp"
          },
          "sensitive_attributes": []
        }
      ]
    },
    {
      "module": "module.nxos_config.module.nxos_features[0]",
      "mode": "managed",
      "type": "nxos_feature_evpn",
      "name": "fmEvpn",
      "provider": "provider[\"registry.terraform.io/ciscodevnet/nxos\"]",
      "instances": [
        {
          "index_key": 0,
          "schema_version": 0,
          "attributes": {
            "admin_state": "disabled",
            "device": null,
            "id": "sys/fm/evpn"
          },
          "sensitive_attributes": []
        }
      ]
    },
    {
      "module": "module.nxos_config.module.nxos_features[0]",
      "mode": "managed",
      "type": "nxos_feature_hmm",
      "name": "fmHmm",
      "provider": "provider[\"registry.terraform.io/ciscodevnet/nxos\"]",
      "instances": [
        {
          "index_key": 0,
          "schema_version": 0,
          "attributes": {
            "admin_state": "disabled",
            "device": null,
            "id": "sys/fm/hmm"
          },
          "sensitive_attributes": []
        }
      ]
    },
    {
      "module": "module.nxos_config.module.nxos_features[0]",
      "mode": "managed",
      "type": "nxos_feature_hsrp",
      "name": "fmHsrp",
      "provider": "provider[\"registry.terraform.io/ciscodevnet/nxos\"]",
      "instances": [
        {
          "index_key": 0,
          "schema_version": 0,
          "attributes": {
            "admin_state": "enabled",
            "device": null,
            "id": "sys/fm/hsrp"
          },
          "sensitive_attributes": []
        }
      ]
    },
    {
      "module": "module.nxos_config.module.nxos_features[0]",
      "mode": "managed",
      "type": "nxos_feature_interface_vlan",
      "name": "fmInterfaceVlan",
      "provider": "provider[\"registry.terraform.io/ciscodevnet/nxos\"]",
      "instances": [
        {
          "index_key": 0,
          "schema_version": 0,
          "attributes": {
            "admin_state": "enabled",
            "device": null,
            "id": "sys/fm/ifvlan"
          },
          "sensitive_attributes": []
        }
      ]
    },
    {
      "module": "module.nxos_config.module.nxos_features[0]",
      "mode": "managed",
      "type": "nxos_feature_isis",
      "name": "fmIsis",
      "provider": "provider[\"registry.terraform.io/ciscodevnet/nxos\"]",
      "instances": [
        {
          "index_key": 0,
          "schema_version": 0,
          "attributes": {
            "admin_state": "disabled",
            "device": null,
            "id": "sys/fm/isis"
          },
          "sensitive_attributes": []
        }
      ]
    },
    {
      "module": "module.nxos_config.module.nxos_features[0]",
      "mode": "managed",
      "type": "nxos_feature_lacp",
      "name": "fmLacp",
      "provider": "provider[\"registry.terraform.io/ciscodevnet/nxos\"]",
      "instances": [
        {
          "index_key": 0,
          "schema_version": 0,
          "attributes": {
            "admin_state": "disabled",
            "device": null,
            "id": "sys/fm/lacp"
          },
          "sensitive_attributes": []
        }
      ]
    },
    {
      "module": "module.nxos_config.module.nxos_features[0]",
      "mode": "managed",
      "type": "nxos_feature_lldp",
      "name": "fmLldp",
      "provider": "provider[\"registry.terraform.io/ciscodevnet/nxos\"]",
      "instances": [
        {
          "index_key": 0,
          "schema_version": 0,
          "attributes": {
            "admin_state": "disabled",
            "device": null,
            "id": "sys/fm/lldp"
          },
          "sensitive_attributes": []
        }
      ]
    },
    {
      "module": "module.nxos_config.module.nxos_features[0]",
      "mode": "managed",
      "type": "nxos_feature_nv_overlay",
      "name": "fmNvo",
      "provider": "provider[\"registry.terraform.io/ciscodevnet/nxos\"]",
      "instances": [
        {
          "index_key": 0,
          "schema_version": 0,
          "attributes": {
            "admin_state": "disabled",
            "device": null,
            "id": "sys/fm/nvo"
          },
          "sensitive_attributes": []
        }
      ]
    },
    {
      "module": "module.nxos_config.module.nxos_features[0]",
      "mode": "managed",
      "type": "nxos_feature_ospf",
      "name": "fmOspf",
      "provider": "provider[\"registry.terraform.io/ciscodevnet/nxos\"]",
      "instances": [
        {
          "index_key": 0,
          "schema_version": 0,
          "attributes": {
            "admin_state": "disabled",
            "device": null,
            "id": "sys/fm/ospf"
          },
          "sensitive_attributes": []
        }
      ]
    },
    {
      "module": "module.nxos_config.module.nxos_features[0]",
      "mode": "managed",
      "type": "nxos_feature_ospfv3",
      "name": "fmOspfv3",
      "provider": "provider[\"registry.terraform.io/ciscodevnet/nxos\"]",
      "instances": [
        {
          "index_key": 0,
          "schema_version": 0,
          "attributes": {
            "admin_state": "disabled",
            "device": null,
            "id": "sys/fm/ospfv3"
          },
          "sensitive_attributes": []
        }
      ]
    },
    {
      "module": "module.nxos_config.module.nxos_features[0]",
      "mode": "managed",
      "type": "nxos_feature_pim",
      "name": "fmPim",
      "provider": "provider[\"registry.terraform.io/ciscodevnet/nxos\"]",
      "instances": [
        {
          "index_key": 0,
          "schema_version": 0,
          "attributes": {
            "admin_state": "disabled",
            "device": null,
            "id": "sys/fm/pim"
          },
          "sensitive_attributes": []
        }
      ]
    },
    {
      "module": "module.nxos_config.module.nxos_features[0]",
      "mode": "managed",
      "type": "nxos_feature_ptp",
      "name": "fmPtp",
      "provider": "provider[\"registry.terraform.io/ciscodevnet/nxos\"]",
      "instances": [
        {
          "index_key": 0,
          "schema_version": 0,
          "attributes": {
            "admin_state": "disabled",
            "device": null,
            "id": "sys/fm/ptp"
          },
          "sensitive_attributes": []
        }
      ]
    },
    {
      "module": "module.nxos_config.module.nxos_features[0]",
      "mode": "managed",
      "type": "nxos_feature_pvlan",
      "name": "fmPvlan",
      "provider": "provider[\"registry.terraform.io/ciscodevnet/nxos\"]",
      "instances": [
        {
          "index_key": 0,
          "schema_version": 0,
          "attributes": {
            "admin_state": "disabled",
            "device": null,
            "id": "sys/fm/pvlan"
          },
          "sensitive_attributes": []
        }
      ]
    },
    {
      "module": "module.nxos_config.module.nxos_features[0]",
      "mode": "managed",
      "type": "nxos_feature_ssh",
      "name": "fmSsh",
      "provider": "provider[\"registry.terraform.io/ciscodevnet/nxos\"]",
      "instances": [
        {
          "index_key": 0,
          "schema_version": 0,
          "attributes": {
            "admin_state": "enabled",
            "device": null,
            "id": "sys/fm/ssh"
          },
          "sensitive_attributes": []
        }
      ]
    },
    {
      "module": "module.nxos_config.module.nxos_features[0]",
      "mode": "managed",
      "type": "nxos_feature_tacacs",
      "name": "fmTacacsplus",
      "provider": "provider[\"registry.terraform.io/ciscodevnet/nxos\"]",
      "instances": [
        {
          "index_key": 0,
          "schema_version": 0,
          "attributes": {
            "admin_state": "disabled",
            "device": null,
            "id": "sys/fm/tacacsplus"
          },
          "sensitive_attributes": []
        }
      ]
    },
    {
      "module": "module.nxos_config.module.nxos_features[0]",
      "mode": "managed",
      "type": "nxos_feature_telnet",
      "name": "fmTelnet",
      "provider": "provider[\"registry.terraform.io/ciscodevnet/nxos\"]",
      "instances": [
        {
          "index_key": 0,
          "schema_version": 0,
          "attributes": {
            "admin_state": "disabled",
            "device": null,
            "id": "sys/fm/telnet"
          },
          "sensitive_attributes": []
        }
      ]
    },
    {
      "module": "module.nxos_config.module.nxos_features[0]",
      "mode": "managed",
      "type": "nxos_feature_udld",
      "name": "fmUdld",
      "provider": "provider[\"registry.terraform.io/ciscodevnet/nxos\"]",
      "instances": [
        {
          "index_key": 0,
          "schema_version": 0,
          "attributes": {
            "admin_state": "disabled",
            "device": null,
            "id": "sys/fm/udld"
          },
          "sensitive_attributes": []
        }
      ]
    },
    {
      "module": "module.nxos_config.module.nxos_features[0]",
      "mode": "managed",
      "type": "nxos_feature_vn_segment",
      "name": "fmVnSegment",
      "provider": "provider[\"registry.terraform.io/ciscodevnet/nxos\"]",
      "instances": [
        {
          "index_key": 0,
          "schema_version": 0,
          "attributes": {
            "admin_state": "disabled",
            "device": null,
            "id": "sys/fm/vnsegment"
          },
          "sensitive_attributes": [],
          "dependencies": [
            "module.nxos_config.module.nxos_features.nxos_feature_nv_overlay.fmNvo"
          ]
        }
      ]
    },
    {
      "module": "module.nxos_config.module.nxos_features[0]",
      "mode": "managed",
      "type": "nxos_feature_vpc",
      "name": "fmVpc",
      "provider": "provider[\"registry.terraform.io/ciscodevnet/nxos\"]",
      "instances": [
        {
          "index_key": 0,
          "schema_version": 0,
          "attributes": {
            "admin_state": "disabled",
            "device": null,
            "id": "sys/fm/vpc"
          },
          "sensitive_attributes": []
        }
      ]
    },
    {
      "module": "module.nxos_config.module.nxos_interface_ethernet[\"1/5\"]",
      "mode": "managed",
      "type": "nxos_physical_interface",
      "name": "l1PhysIf",
      "provider": "provider[\"registry.terraform.io/ciscodevnet/nxos\"]",
      "instances": [
        {
          "schema_version": 0,
          "attributes": {
            "access_vlan": "vlan-13",
            "admin_state": "up",
            "auto_negotiation": "on",
            "bandwidth": 0,
            "delay": 1,
            "description": "mahomes",
            "device": null,
            "duplex": "auto",
            "fec_mode": "auto",
            "id": "sys/intf/phys-[eth1/5]",
            "interface_id": "eth1/5",
            "layer": "Layer2",
            "link_debounce_down": 100,
            "link_debounce_up": 0,
            "link_logging": "default",
            "medium": "broadcast",
            "mode": "access",
            "mtu": 1500,
            "native_vlan": "vlan-1",
            "speed": "auto",
            "speed_group": "auto",
            "trunk_vlans": "1-4094",
            "uni_directional_ethernet": "disable",
            "user_configured_flags": "admin_layer,admin_mtu,admin_state"
          },
          "sensitive_attributes": [],
          "dependencies": [
            "module.nxos_config.module.nxos_features.nxos_feature_bfd.fmBfd",
            "module.nxos_config.module.nxos_features.nxos_feature_bgp.fmBgp",
            "module.nxos_config.module.nxos_features.nxos_feature_dhcp.fmDhcp",
            "module.nxos_config.module.nxos_features.nxos_feature_evpn.fmEvpn",
            "module.nxos_config.module.nxos_features.nxos_feature_hmm.fmHmm",
            "module.nxos_config.module.nxos_features.nxos_feature_hsrp.fmHsrp",
            "module.nxos_config.module.nxos_features.nxos_feature_interface_vlan.fmInterfaceVlan",
            "module.nxos_config.module.nxos_features.nxos_feature_isis.fmIsis",
            "module.nxos_config.module.nxos_features.nxos_feature_lacp.fmLacp",
            "module.nxos_config.module.nxos_features.nxos_feature_lldp.fmLldp",
            "module.nxos_config.module.nxos_features.nxos_feature_macsec.fmMacsec",
            "module.nxos_config.module.nxos_features.nxos_feature_netflow.fmNetflow",
            "module.nxos_config.module.nxos_features.nxos_feature_nv_overlay.fmNvo",
            "module.nxos_config.module.nxos_features.nxos_feature_ospf.fmOspf",
            "module.nxos_config.module.nxos_features.nxos_feature_ospfv3.fmOspfv3",
            "module.nxos_config.module.nxos_features.nxos_feature_pim.fmPim",
            "module.nxos_config.module.nxos_features.nxos_feature_ptp.fmPtp",
            "module.nxos_config.module.nxos_features.nxos_feature_pvlan.fmPvlan",
            "module.nxos_config.module.nxos_features.nxos_feature_ssh.fmSsh",
            "module.nxos_config.module.nxos_features.nxos_feature_tacacs.fmTacacsplus",
            "module.nxos_config.module.nxos_features.nxos_feature_telnet.fmTelnet",
            "module.nxos_config.module.nxos_features.nxos_feature_udld.fmUdld",
            "module.nxos_config.module.nxos_features.nxos_feature_vn_segment.fmVnSegment",
            "module.nxos_config.module.nxos_features.nxos_feature_vpc.fmVpc",
            "module.nxos_config.module.nxos_features.nxos_ospf.ospfEntity",
            "module.nxos_config.module.nxos_vrf.nxos_ipv4_vrf.ipv4Dom",
            "module.nxos_config.module.nxos_vrf.nxos_vrf.l3Inst",
            "module.nxos_config.module.nxos_vrf.nxos_vrf_address_family.rtctrlDomAf",
            "module.nxos_config.module.nxos_vrf.nxos_vrf_route_target.rtctrlRttEntry",
            "module.nxos_config.module.nxos_vrf.nxos_vrf_route_target_address_family.rtctrlAfCtrl",
            "module.nxos_config.module.nxos_vrf.nxos_vrf_route_target_direction.rtctrlRttP",
            "module.nxos_config.module.nxos_vrf.nxos_vrf_routing.rtctrlDom"
          ]
        }
      ]
    },
    {
      "module": "module.nxos_config.module.nxos_interface_ethernet[\"1/6\"]",
      "mode": "managed",
      "type": "nxos_physical_interface",
      "name": "l1PhysIf",
      "provider": "provider[\"registry.terraform.io/ciscodevnet/nxos\"]",
      "instances": [
        {
          "schema_version": 0,
          "attributes": {
            "access_vlan": "vlan-87",
            "admin_state": "up",
            "auto_negotiation": "on",
            "bandwidth": 0,
            "delay": 1,
            "description": "kelce",
            "device": null,
            "duplex": "auto",
            "fec_mode": "auto",
            "id": "sys/intf/phys-[eth1/6]",
            "interface_id": "eth1/6",
            "layer": "Layer2",
            "link_debounce_down": 100,
            "link_debounce_up": 0,
            "link_logging": "default",
            "medium": "broadcast",
            "mode": "access",
            "mtu": 1500,
            "native_vlan": "vlan-1",
            "speed": "auto",
            "speed_group": "auto",
            "trunk_vlans": "1-4094",
            "uni_directional_ethernet": "disable",
            "user_configured_flags": "admin_layer,admin_mtu,admin_state"
          },
          "sensitive_attributes": [],
          "dependencies": [
            "module.nxos_config.module.nxos_features.nxos_feature_bfd.fmBfd",
            "module.nxos_config.module.nxos_features.nxos_feature_bgp.fmBgp",
            "module.nxos_config.module.nxos_features.nxos_feature_dhcp.fmDhcp",
            "module.nxos_config.module.nxos_features.nxos_feature_evpn.fmEvpn",
            "module.nxos_config.module.nxos_features.nxos_feature_hmm.fmHmm",
            "module.nxos_config.module.nxos_features.nxos_feature_hsrp.fmHsrp",
            "module.nxos_config.module.nxos_features.nxos_feature_interface_vlan.fmInterfaceVlan",
            "module.nxos_config.module.nxos_features.nxos_feature_isis.fmIsis",
            "module.nxos_config.module.nxos_features.nxos_feature_lacp.fmLacp",
            "module.nxos_config.module.nxos_features.nxos_feature_lldp.fmLldp",
            "module.nxos_config.module.nxos_features.nxos_feature_macsec.fmMacsec",
            "module.nxos_config.module.nxos_features.nxos_feature_netflow.fmNetflow",
            "module.nxos_config.module.nxos_features.nxos_feature_nv_overlay.fmNvo",
            "module.nxos_config.module.nxos_features.nxos_feature_ospf.fmOspf",
            "module.nxos_config.module.nxos_features.nxos_feature_ospfv3.fmOspfv3",
            "module.nxos_config.module.nxos_features.nxos_feature_pim.fmPim",
            "module.nxos_config.module.nxos_features.nxos_feature_ptp.fmPtp",
            "module.nxos_config.module.nxos_features.nxos_feature_pvlan.fmPvlan",
            "module.nxos_config.module.nxos_features.nxos_feature_ssh.fmSsh",
            "module.nxos_config.module.nxos_features.nxos_feature_tacacs.fmTacacsplus",
            "module.nxos_config.module.nxos_features.nxos_feature_telnet.fmTelnet",
            "module.nxos_config.module.nxos_features.nxos_feature_udld.fmUdld",
            "module.nxos_config.module.nxos_features.nxos_feature_vn_segment.fmVnSegment",
            "module.nxos_config.module.nxos_features.nxos_feature_vpc.fmVpc",
            "module.nxos_config.module.nxos_features.nxos_ospf.ospfEntity",
            "module.nxos_config.module.nxos_vrf.nxos_ipv4_vrf.ipv4Dom",
            "module.nxos_config.module.nxos_vrf.nxos_vrf.l3Inst",
            "module.nxos_config.module.nxos_vrf.nxos_vrf_address_family.rtctrlDomAf",
            "module.nxos_config.module.nxos_vrf.nxos_vrf_route_target.rtctrlRttEntry",
            "module.nxos_config.module.nxos_vrf.nxos_vrf_route_target_address_family.rtctrlAfCtrl",
            "module.nxos_config.module.nxos_vrf.nxos_vrf_route_target_direction.rtctrlRttP",
            "module.nxos_config.module.nxos_vrf.nxos_vrf_routing.rtctrlDom"
          ]
        }
      ]
    },
    {
      "module": "module.nxos_config.module.nxos_interface_ethernet[\"1/7\"]",
      "mode": "managed",
      "type": "nxos_physical_interface",
      "name": "l1PhysIf",
      "provider": "provider[\"registry.terraform.io/ciscodevnet/nxos\"]",
      "instances": [
        {
          "schema_version": 0,
          "attributes": {
            "access_vlan": "vlan-95",
            "admin_state": "up",
            "auto_negotiation": "on",
            "bandwidth": 0,
            "delay": 1,
            "description": "jones",
            "device": null,
            "duplex": "auto",
            "fec_mode": "auto",
            "id": "sys/intf/phys-[eth1/7]",
            "interface_id": "eth1/7",
            "layer": "Layer2",
            "link_debounce_down": 100,
            "link_debounce_up": 0,
            "link_logging": "default",
            "medium": "broadcast",
            "mode": "access",
            "mtu": 1500,
            "native_vlan": "vlan-1",
            "speed": "auto",
            "speed_group": "auto",
            "trunk_vlans": "1-4094",
            "uni_directional_ethernet": "disable",
            "user_configured_flags": "admin_layer,admin_mtu,admin_state"
          },
          "sensitive_attributes": [],
          "dependencies": [
            "module.nxos_config.module.nxos_features.nxos_feature_bfd.fmBfd",
            "module.nxos_config.module.nxos_features.nxos_feature_bgp.fmBgp",
            "module.nxos_config.module.nxos_features.nxos_feature_dhcp.fmDhcp",
            "module.nxos_config.module.nxos_features.nxos_feature_evpn.fmEvpn",
            "module.nxos_config.module.nxos_features.nxos_feature_hmm.fmHmm",
            "module.nxos_config.module.nxos_features.nxos_feature_hsrp.fmHsrp",
            "module.nxos_config.module.nxos_features.nxos_feature_interface_vlan.fmInterfaceVlan",
            "module.nxos_config.module.nxos_features.nxos_feature_isis.fmIsis",
            "module.nxos_config.module.nxos_features.nxos_feature_lacp.fmLacp",
            "module.nxos_config.module.nxos_features.nxos_feature_lldp.fmLldp",
            "module.nxos_config.module.nxos_features.nxos_feature_macsec.fmMacsec",
            "module.nxos_config.module.nxos_features.nxos_feature_netflow.fmNetflow",
            "module.nxos_config.module.nxos_features.nxos_feature_nv_overlay.fmNvo",
            "module.nxos_config.module.nxos_features.nxos_feature_ospf.fmOspf",
            "module.nxos_config.module.nxos_features.nxos_feature_ospfv3.fmOspfv3",
            "module.nxos_config.module.nxos_features.nxos_feature_pim.fmPim",
            "module.nxos_config.module.nxos_features.nxos_feature_ptp.fmPtp",
            "module.nxos_config.module.nxos_features.nxos_feature_pvlan.fmPvlan",
            "module.nxos_config.module.nxos_features.nxos_feature_ssh.fmSsh",
            "module.nxos_config.module.nxos_features.nxos_feature_tacacs.fmTacacsplus",
            "module.nxos_config.module.nxos_features.nxos_feature_telnet.fmTelnet",
            "module.nxos_config.module.nxos_features.nxos_feature_udld.fmUdld",
            "module.nxos_config.module.nxos_features.nxos_feature_vn_segment.fmVnSegment",
            "module.nxos_config.module.nxos_features.nxos_feature_vpc.fmVpc",
            "module.nxos_config.module.nxos_features.nxos_ospf.ospfEntity",
            "module.nxos_config.module.nxos_vrf.nxos_ipv4_vrf.ipv4Dom",
            "module.nxos_config.module.nxos_vrf.nxos_vrf.l3Inst",
            "module.nxos_config.module.nxos_vrf.nxos_vrf_address_family.rtctrlDomAf",
            "module.nxos_config.module.nxos_vrf.nxos_vrf_route_target.rtctrlRttEntry",
            "module.nxos_config.module.nxos_vrf.nxos_vrf_route_target_address_family.rtctrlAfCtrl",
            "module.nxos_config.module.nxos_vrf.nxos_vrf_route_target_direction.rtctrlRttP",
            "module.nxos_config.module.nxos_vrf.nxos_vrf_routing.rtctrlDom"
          ]
        }
      ]
    },
    {
      "module": "module.nxos_config.module.nxos_interface_vlan[\"13\"]",
      "mode": "managed",
      "type": "nxos_ipv4_interface",
      "name": "ipv4If",
      "provider": "provider[\"registry.terraform.io/ciscodevnet/nxos\"]",
      "instances": [
        {
          "schema_version": 0,
          "attributes": {
            "device": null,
            "drop_glean": "disabled",
            "forward": "disabled",
            "id": "sys/ipv4/inst/dom-[cheifs]/if-[vlan13]",
            "interface_id": "vlan13",
            "unnumbered": "unspecified",
            "urpf": "disabled",
            "vrf": "cheifs"
          },
          "sensitive_attributes": [],
          "dependencies": [
            "module.nxos_config.module.nxos_features.nxos_feature_bfd.fmBfd",
            "module.nxos_config.module.nxos_features.nxos_feature_bgp.fmBgp",
            "module.nxos_config.module.nxos_features.nxos_feature_dhcp.fmDhcp",
            "module.nxos_config.module.nxos_features.nxos_feature_evpn.fmEvpn",
            "module.nxos_config.module.nxos_features.nxos_feature_hmm.fmHmm",
            "module.nxos_config.module.nxos_features.nxos_feature_hsrp.fmHsrp",
            "module.nxos_config.module.nxos_features.nxos_feature_interface_vlan.fmInterfaceVlan",
            "module.nxos_config.module.nxos_features.nxos_feature_isis.fmIsis",
            "module.nxos_config.module.nxos_features.nxos_feature_lacp.fmLacp",
            "module.nxos_config.module.nxos_features.nxos_feature_lldp.fmLldp",
            "module.nxos_config.module.nxos_features.nxos_feature_macsec.fmMacsec",
            "module.nxos_config.module.nxos_features.nxos_feature_netflow.fmNetflow",
            "module.nxos_config.module.nxos_features.nxos_feature_nv_overlay.fmNvo",
            "module.nxos_config.module.nxos_features.nxos_feature_ospf.fmOspf",
            "module.nxos_config.module.nxos_features.nxos_feature_ospfv3.fmOspfv3",
            "module.nxos_config.module.nxos_features.nxos_feature_pim.fmPim",
            "module.nxos_config.module.nxos_features.nxos_feature_ptp.fmPtp",
            "module.nxos_config.module.nxos_features.nxos_feature_pvlan.fmPvlan",
            "module.nxos_config.module.nxos_features.nxos_feature_ssh.fmSsh",
            "module.nxos_config.module.nxos_features.nxos_feature_tacacs.fmTacacsplus",
            "module.nxos_config.module.nxos_features.nxos_feature_telnet.fmTelnet",
            "module.nxos_config.module.nxos_features.nxos_feature_udld.fmUdld",
            "module.nxos_config.module.nxos_features.nxos_feature_vn_segment.fmVnSegment",
            "module.nxos_config.module.nxos_features.nxos_feature_vpc.fmVpc",
            "module.nxos_config.module.nxos_features.nxos_ospf.ospfEntity",
            "module.nxos_config.module.nxos_interface_vlan.nxos_svi_interface.sviIf",
            "module.nxos_config.module.nxos_interface_vlan.nxos_svi_interface_vrf.nwRtVrfMbr",
            "module.nxos_config.module.nxos_vrf.nxos_ipv4_vrf.ipv4Dom",
            "module.nxos_config.module.nxos_vrf.nxos_vrf.l3Inst",
            "module.nxos_config.module.nxos_vrf.nxos_vrf_address_family.rtctrlDomAf",
            "module.nxos_config.module.nxos_vrf.nxos_vrf_route_target.rtctrlRttEntry",
            "module.nxos_config.module.nxos_vrf.nxos_vrf_route_target_address_family.rtctrlAfCtrl",
            "module.nxos_config.module.nxos_vrf.nxos_vrf_route_target_direction.rtctrlRttP",
            "module.nxos_config.module.nxos_vrf.nxos_vrf_routing.rtctrlDom"
          ]
        }
      ]
    },
    {
      "module": "module.nxos_config.module.nxos_interface_vlan[\"13\"]",
      "mode": "managed",
      "type": "nxos_ipv4_interface_address",
      "name": "ipv4Addr",
      "provider": "provider[\"registry.terraform.io/ciscodevnet/nxos\"]",
      "instances": [
        {
          "index_key": 0,
          "schema_version": 0,
          "attributes": {
            "address": "192.168.13.2/24",
            "device": null,
            "id": "sys/ipv4/inst/dom-[cheifs]/if-[vlan13]/addr-[192.168.13.2/24]",
            "interface_id": "vlan13",
            "type": "primary",
            "vrf": "cheifs"
          },
          "sensitive_attributes": [],
          "dependencies": [
            "module.nxos_config.module.nxos_features.nxos_feature_bfd.fmBfd",
            "module.nxos_config.module.nxos_features.nxos_feature_bgp.fmBgp",
            "module.nxos_config.module.nxos_features.nxos_feature_dhcp.fmDhcp",
            "module.nxos_config.module.nxos_features.nxos_feature_evpn.fmEvpn",
            "module.nxos_config.module.nxos_features.nxos_feature_hmm.fmHmm",
            "module.nxos_config.module.nxos_features.nxos_feature_hsrp.fmHsrp",
            "module.nxos_config.module.nxos_features.nxos_feature_interface_vlan.fmInterfaceVlan",
            "module.nxos_config.module.nxos_features.nxos_feature_isis.fmIsis",
            "module.nxos_config.module.nxos_features.nxos_feature_lacp.fmLacp",
            "module.nxos_config.module.nxos_features.nxos_feature_lldp.fmLldp",
            "module.nxos_config.module.nxos_features.nxos_feature_macsec.fmMacsec",
            "module.nxos_config.module.nxos_features.nxos_feature_netflow.fmNetflow",
            "module.nxos_config.module.nxos_features.nxos_feature_nv_overlay.fmNvo",
            "module.nxos_config.module.nxos_features.nxos_feature_ospf.fmOspf",
            "module.nxos_config.module.nxos_features.nxos_feature_ospfv3.fmOspfv3",
            "module.nxos_config.module.nxos_features.nxos_feature_pim.fmPim",
            "module.nxos_config.module.nxos_features.nxos_feature_ptp.fmPtp",
            "module.nxos_config.module.nxos_features.nxos_feature_pvlan.fmPvlan",
            "module.nxos_config.module.nxos_features.nxos_feature_ssh.fmSsh",
            "module.nxos_config.module.nxos_features.nxos_feature_tacacs.fmTacacsplus",
            "module.nxos_config.module.nxos_features.nxos_feature_telnet.fmTelnet",
            "module.nxos_config.module.nxos_features.nxos_feature_udld.fmUdld",
            "module.nxos_config.module.nxos_features.nxos_feature_vn_segment.fmVnSegment",
            "module.nxos_config.module.nxos_features.nxos_feature_vpc.fmVpc",
            "module.nxos_config.module.nxos_features.nxos_ospf.ospfEntity",
            "module.nxos_config.module.nxos_interface_vlan.nxos_ipv4_interface.ipv4If",
            "module.nxos_config.module.nxos_interface_vlan.nxos_svi_interface.sviIf",
            "module.nxos_config.module.nxos_interface_vlan.nxos_svi_interface_vrf.nwRtVrfMbr",
            "module.nxos_config.module.nxos_vrf.nxos_ipv4_vrf.ipv4Dom",
            "module.nxos_config.module.nxos_vrf.nxos_vrf.l3Inst",
            "module.nxos_config.module.nxos_vrf.nxos_vrf_address_family.rtctrlDomAf",
            "module.nxos_config.module.nxos_vrf.nxos_vrf_route_target.rtctrlRttEntry",
            "module.nxos_config.module.nxos_vrf.nxos_vrf_route_target_address_family.rtctrlAfCtrl",
            "module.nxos_config.module.nxos_vrf.nxos_vrf_route_target_direction.rtctrlRttP",
            "module.nxos_config.module.nxos_vrf.nxos_vrf_routing.rtctrlDom"
          ]
        }
      ]
    },
    {
      "module": "module.nxos_config.module.nxos_interface_vlan[\"13\"]",
      "mode": "managed",
      "type": "nxos_svi_interface",
      "name": "sviIf",
      "provider": "provider[\"registry.terraform.io/ciscodevnet/nxos\"]",
      "instances": [
        {
          "schema_version": 0,
          "attributes": {
            "admin_state": "up",
            "bandwidth": 1000000,
            "delay": 1,
            "description": "mahomes",
            "device": null,
            "id": "sys/intf/svi-[vlan13]",
            "interface_id": "vlan13",
            "medium": "bcast",
            "mtu": 9216
          },
          "sensitive_attributes": [],
          "dependencies": [
            "module.nxos_config.module.nxos_features.nxos_feature_bfd.fmBfd",
            "module.nxos_config.module.nxos_features.nxos_feature_bgp.fmBgp",
            "module.nxos_config.module.nxos_features.nxos_feature_dhcp.fmDhcp",
            "module.nxos_config.module.nxos_features.nxos_feature_evpn.fmEvpn",
            "module.nxos_config.module.nxos_features.nxos_feature_hmm.fmHmm",
            "module.nxos_config.module.nxos_features.nxos_feature_hsrp.fmHsrp",
            "module.nxos_config.module.nxos_features.nxos_feature_interface_vlan.fmInterfaceVlan",
            "module.nxos_config.module.nxos_features.nxos_feature_isis.fmIsis",
            "module.nxos_config.module.nxos_features.nxos_feature_lacp.fmLacp",
            "module.nxos_config.module.nxos_features.nxos_feature_lldp.fmLldp",
            "module.nxos_config.module.nxos_features.nxos_feature_macsec.fmMacsec",
            "module.nxos_config.module.nxos_features.nxos_feature_netflow.fmNetflow",
            "module.nxos_config.module.nxos_features.nxos_feature_nv_overlay.fmNvo",
            "module.nxos_config.module.nxos_features.nxos_feature_ospf.fmOspf",
            "module.nxos_config.module.nxos_features.nxos_feature_ospfv3.fmOspfv3",
            "module.nxos_config.module.nxos_features.nxos_feature_pim.fmPim",
            "module.nxos_config.module.nxos_features.nxos_feature_ptp.fmPtp",
            "module.nxos_config.module.nxos_features.nxos_feature_pvlan.fmPvlan",
            "module.nxos_config.module.nxos_features.nxos_feature_ssh.fmSsh",
            "module.nxos_config.module.nxos_features.nxos_feature_tacacs.fmTacacsplus",
            "module.nxos_config.module.nxos_features.nxos_feature_telnet.fmTelnet",
            "module.nxos_config.module.nxos_features.nxos_feature_udld.fmUdld",
            "module.nxos_config.module.nxos_features.nxos_feature_vn_segment.fmVnSegment",
            "module.nxos_config.module.nxos_features.nxos_feature_vpc.fmVpc",
            "module.nxos_config.module.nxos_features.nxos_ospf.ospfEntity",
            "module.nxos_config.module.nxos_vrf.nxos_ipv4_vrf.ipv4Dom",
            "module.nxos_config.module.nxos_vrf.nxos_vrf.l3Inst",
            "module.nxos_config.module.nxos_vrf.nxos_vrf_address_family.rtctrlDomAf",
            "module.nxos_config.module.nxos_vrf.nxos_vrf_route_target.rtctrlRttEntry",
            "module.nxos_config.module.nxos_vrf.nxos_vrf_route_target_address_family.rtctrlAfCtrl",
            "module.nxos_config.module.nxos_vrf.nxos_vrf_route_target_direction.rtctrlRttP",
            "module.nxos_config.module.nxos_vrf.nxos_vrf_routing.rtctrlDom"
          ]
        }
      ]
    },
    {
      "module": "module.nxos_config.module.nxos_interface_vlan[\"13\"]",
      "mode": "managed",
      "type": "nxos_svi_interface_vrf",
      "name": "nwRtVrfMbr",
      "provider": "provider[\"registry.terraform.io/ciscodevnet/nxos\"]",
      "instances": [
        {
          "schema_version": 0,
          "attributes": {
            "device": null,
            "id": "sys/intf/svi-[vlan13]/rtvrfMbr",
            "interface_id": "vlan13",
            "vrf_dn": "sys/inst-cheifs"
          },
          "sensitive_attributes": [],
          "dependencies": [
            "module.nxos_config.module.nxos_features.nxos_feature_bfd.fmBfd",
            "module.nxos_config.module.nxos_features.nxos_feature_bgp.fmBgp",
            "module.nxos_config.module.nxos_features.nxos_feature_dhcp.fmDhcp",
            "module.nxos_config.module.nxos_features.nxos_feature_evpn.fmEvpn",
            "module.nxos_config.module.nxos_features.nxos_feature_hmm.fmHmm",
            "module.nxos_config.module.nxos_features.nxos_feature_hsrp.fmHsrp",
            "module.nxos_config.module.nxos_features.nxos_feature_interface_vlan.fmInterfaceVlan",
            "module.nxos_config.module.nxos_features.nxos_feature_isis.fmIsis",
            "module.nxos_config.module.nxos_features.nxos_feature_lacp.fmLacp",
            "module.nxos_config.module.nxos_features.nxos_feature_lldp.fmLldp",
            "module.nxos_config.module.nxos_features.nxos_feature_macsec.fmMacsec",
            "module.nxos_config.module.nxos_features.nxos_feature_netflow.fmNetflow",
            "module.nxos_config.module.nxos_features.nxos_feature_nv_overlay.fmNvo",
            "module.nxos_config.module.nxos_features.nxos_feature_ospf.fmOspf",
            "module.nxos_config.module.nxos_features.nxos_feature_ospfv3.fmOspfv3",
            "module.nxos_config.module.nxos_features.nxos_feature_pim.fmPim",
            "module.nxos_config.module.nxos_features.nxos_feature_ptp.fmPtp",
            "module.nxos_config.module.nxos_features.nxos_feature_pvlan.fmPvlan",
            "module.nxos_config.module.nxos_features.nxos_feature_ssh.fmSsh",
            "module.nxos_config.module.nxos_features.nxos_feature_tacacs.fmTacacsplus",
            "module.nxos_config.module.nxos_features.nxos_feature_telnet.fmTelnet",
            "module.nxos_config.module.nxos_features.nxos_feature_udld.fmUdld",
            "module.nxos_config.module.nxos_features.nxos_feature_vn_segment.fmVnSegment",
            "module.nxos_config.module.nxos_features.nxos_feature_vpc.fmVpc",
            "module.nxos_config.module.nxos_features.nxos_ospf.ospfEntity",
            "module.nxos_config.module.nxos_interface_vlan.nxos_svi_interface.sviIf",
            "module.nxos_config.module.nxos_vrf.nxos_ipv4_vrf.ipv4Dom",
            "module.nxos_config.module.nxos_vrf.nxos_vrf.l3Inst",
            "module.nxos_config.module.nxos_vrf.nxos_vrf_address_family.rtctrlDomAf",
            "module.nxos_config.module.nxos_vrf.nxos_vrf_route_target.rtctrlRttEntry",
            "module.nxos_config.module.nxos_vrf.nxos_vrf_route_target_address_family.rtctrlAfCtrl",
            "module.nxos_config.module.nxos_vrf.nxos_vrf_route_target_direction.rtctrlRttP",
            "module.nxos_config.module.nxos_vrf.nxos_vrf_routing.rtctrlDom"
          ]
        }
      ]
    },
    {
      "module": "module.nxos_config.module.nxos_interface_vlan[\"87\"]",
      "mode": "managed",
      "type": "nxos_ipv4_interface",
      "name": "ipv4If",
      "provider": "provider[\"registry.terraform.io/ciscodevnet/nxos\"]",
      "instances": [
        {
          "schema_version": 0,
          "attributes": {
            "device": null,
            "drop_glean": "disabled",
            "forward": "disabled",
            "id": "sys/ipv4/inst/dom-[cheifs]/if-[vlan87]",
            "interface_id": "vlan87",
            "unnumbered": "unspecified",
            "urpf": "disabled",
            "vrf": "cheifs"
          },
          "sensitive_attributes": [],
          "dependencies": [
            "module.nxos_config.module.nxos_features.nxos_feature_bfd.fmBfd",
            "module.nxos_config.module.nxos_features.nxos_feature_bgp.fmBgp",
            "module.nxos_config.module.nxos_features.nxos_feature_dhcp.fmDhcp",
            "module.nxos_config.module.nxos_features.nxos_feature_evpn.fmEvpn",
            "module.nxos_config.module.nxos_features.nxos_feature_hmm.fmHmm",
            "module.nxos_config.module.nxos_features.nxos_feature_hsrp.fmHsrp",
            "module.nxos_config.module.nxos_features.nxos_feature_interface_vlan.fmInterfaceVlan",
            "module.nxos_config.module.nxos_features.nxos_feature_isis.fmIsis",
            "module.nxos_config.module.nxos_features.nxos_feature_lacp.fmLacp",
            "module.nxos_config.module.nxos_features.nxos_feature_lldp.fmLldp",
            "module.nxos_config.module.nxos_features.nxos_feature_macsec.fmMacsec",
            "module.nxos_config.module.nxos_features.nxos_feature_netflow.fmNetflow",
            "module.nxos_config.module.nxos_features.nxos_feature_nv_overlay.fmNvo",
            "module.nxos_config.module.nxos_features.nxos_feature_ospf.fmOspf",
            "module.nxos_config.module.nxos_features.nxos_feature_ospfv3.fmOspfv3",
            "module.nxos_config.module.nxos_features.nxos_feature_pim.fmPim",
            "module.nxos_config.module.nxos_features.nxos_feature_ptp.fmPtp",
            "module.nxos_config.module.nxos_features.nxos_feature_pvlan.fmPvlan",
            "module.nxos_config.module.nxos_features.nxos_feature_ssh.fmSsh",
            "module.nxos_config.module.nxos_features.nxos_feature_tacacs.fmTacacsplus",
            "module.nxos_config.module.nxos_features.nxos_feature_telnet.fmTelnet",
            "module.nxos_config.module.nxos_features.nxos_feature_udld.fmUdld",
            "module.nxos_config.module.nxos_features.nxos_feature_vn_segment.fmVnSegment",
            "module.nxos_config.module.nxos_features.nxos_feature_vpc.fmVpc",
            "module.nxos_config.module.nxos_features.nxos_ospf.ospfEntity",
            "module.nxos_config.module.nxos_interface_vlan.nxos_svi_interface.sviIf",
            "module.nxos_config.module.nxos_interface_vlan.nxos_svi_interface_vrf.nwRtVrfMbr",
            "module.nxos_config.module.nxos_vrf.nxos_ipv4_vrf.ipv4Dom",
            "module.nxos_config.module.nxos_vrf.nxos_vrf.l3Inst",
            "module.nxos_config.module.nxos_vrf.nxos_vrf_address_family.rtctrlDomAf",
            "module.nxos_config.module.nxos_vrf.nxos_vrf_route_target.rtctrlRttEntry",
            "module.nxos_config.module.nxos_vrf.nxos_vrf_route_target_address_family.rtctrlAfCtrl",
            "module.nxos_config.module.nxos_vrf.nxos_vrf_route_target_direction.rtctrlRttP",
            "module.nxos_config.module.nxos_vrf.nxos_vrf_routing.rtctrlDom"
          ]
        }
      ]
    },
    {
      "module": "module.nxos_config.module.nxos_interface_vlan[\"87\"]",
      "mode": "managed",
      "type": "nxos_ipv4_interface_address",
      "name": "ipv4Addr",
      "provider": "provider[\"registry.terraform.io/ciscodevnet/nxos\"]",
      "instances": [
        {
          "index_key": 0,
          "schema_version": 0,
          "attributes": {
            "address": "192.168.87.2/24",
            "device": null,
            "id": "sys/ipv4/inst/dom-[cheifs]/if-[vlan87]/addr-[192.168.87.2/24]",
            "interface_id": "vlan87",
            "type": "primary",
            "vrf": "cheifs"
          },
          "sensitive_attributes": [],
          "dependencies": [
            "module.nxos_config.module.nxos_features.nxos_feature_bfd.fmBfd",
            "module.nxos_config.module.nxos_features.nxos_feature_bgp.fmBgp",
            "module.nxos_config.module.nxos_features.nxos_feature_dhcp.fmDhcp",
            "module.nxos_config.module.nxos_features.nxos_feature_evpn.fmEvpn",
            "module.nxos_config.module.nxos_features.nxos_feature_hmm.fmHmm",
            "module.nxos_config.module.nxos_features.nxos_feature_hsrp.fmHsrp",
            "module.nxos_config.module.nxos_features.nxos_feature_interface_vlan.fmInterfaceVlan",
            "module.nxos_config.module.nxos_features.nxos_feature_isis.fmIsis",
            "module.nxos_config.module.nxos_features.nxos_feature_lacp.fmLacp",
            "module.nxos_config.module.nxos_features.nxos_feature_lldp.fmLldp",
            "module.nxos_config.module.nxos_features.nxos_feature_macsec.fmMacsec",
            "module.nxos_config.module.nxos_features.nxos_feature_netflow.fmNetflow",
            "module.nxos_config.module.nxos_features.nxos_feature_nv_overlay.fmNvo",
            "module.nxos_config.module.nxos_features.nxos_feature_ospf.fmOspf",
            "module.nxos_config.module.nxos_features.nxos_feature_ospfv3.fmOspfv3",
            "module.nxos_config.module.nxos_features.nxos_feature_pim.fmPim",
            "module.nxos_config.module.nxos_features.nxos_feature_ptp.fmPtp",
            "module.nxos_config.module.nxos_features.nxos_feature_pvlan.fmPvlan",
            "module.nxos_config.module.nxos_features.nxos_feature_ssh.fmSsh",
            "module.nxos_config.module.nxos_features.nxos_feature_tacacs.fmTacacsplus",
            "module.nxos_config.module.nxos_features.nxos_feature_telnet.fmTelnet",
            "module.nxos_config.module.nxos_features.nxos_feature_udld.fmUdld",
            "module.nxos_config.module.nxos_features.nxos_feature_vn_segment.fmVnSegment",
            "module.nxos_config.module.nxos_features.nxos_feature_vpc.fmVpc",
            "module.nxos_config.module.nxos_features.nxos_ospf.ospfEntity",
            "module.nxos_config.module.nxos_interface_vlan.nxos_ipv4_interface.ipv4If",
            "module.nxos_config.module.nxos_interface_vlan.nxos_svi_interface.sviIf",
            "module.nxos_config.module.nxos_interface_vlan.nxos_svi_interface_vrf.nwRtVrfMbr",
            "module.nxos_config.module.nxos_vrf.nxos_ipv4_vrf.ipv4Dom",
            "module.nxos_config.module.nxos_vrf.nxos_vrf.l3Inst",
            "module.nxos_config.module.nxos_vrf.nxos_vrf_address_family.rtctrlDomAf",
            "module.nxos_config.module.nxos_vrf.nxos_vrf_route_target.rtctrlRttEntry",
            "module.nxos_config.module.nxos_vrf.nxos_vrf_route_target_address_family.rtctrlAfCtrl",
            "module.nxos_config.module.nxos_vrf.nxos_vrf_route_target_direction.rtctrlRttP",
            "module.nxos_config.module.nxos_vrf.nxos_vrf_routing.rtctrlDom"
          ]
        }
      ]
    },
    {
      "module": "module.nxos_config.module.nxos_interface_vlan[\"87\"]",
      "mode": "managed",
      "type": "nxos_svi_interface",
      "name": "sviIf",
      "provider": "provider[\"registry.terraform.io/ciscodevnet/nxos\"]",
      "instances": [
        {
          "schema_version": 0,
          "attributes": {
            "admin_state": "up",
            "bandwidth": 1000000,
            "delay": 1,
            "description": "kelce",
            "device": null,
            "id": "sys/intf/svi-[vlan87]",
            "interface_id": "vlan87",
            "medium": "bcast",
            "mtu": 9216
          },
          "sensitive_attributes": [],
          "dependencies": [
            "module.nxos_config.module.nxos_features.nxos_feature_bfd.fmBfd",
            "module.nxos_config.module.nxos_features.nxos_feature_bgp.fmBgp",
            "module.nxos_config.module.nxos_features.nxos_feature_dhcp.fmDhcp",
            "module.nxos_config.module.nxos_features.nxos_feature_evpn.fmEvpn",
            "module.nxos_config.module.nxos_features.nxos_feature_hmm.fmHmm",
            "module.nxos_config.module.nxos_features.nxos_feature_hsrp.fmHsrp",
            "module.nxos_config.module.nxos_features.nxos_feature_interface_vlan.fmInterfaceVlan",
            "module.nxos_config.module.nxos_features.nxos_feature_isis.fmIsis",
            "module.nxos_config.module.nxos_features.nxos_feature_lacp.fmLacp",
            "module.nxos_config.module.nxos_features.nxos_feature_lldp.fmLldp",
            "module.nxos_config.module.nxos_features.nxos_feature_macsec.fmMacsec",
            "module.nxos_config.module.nxos_features.nxos_feature_netflow.fmNetflow",
            "module.nxos_config.module.nxos_features.nxos_feature_nv_overlay.fmNvo",
            "module.nxos_config.module.nxos_features.nxos_feature_ospf.fmOspf",
            "module.nxos_config.module.nxos_features.nxos_feature_ospfv3.fmOspfv3",
            "module.nxos_config.module.nxos_features.nxos_feature_pim.fmPim",
            "module.nxos_config.module.nxos_features.nxos_feature_ptp.fmPtp",
            "module.nxos_config.module.nxos_features.nxos_feature_pvlan.fmPvlan",
            "module.nxos_config.module.nxos_features.nxos_feature_ssh.fmSsh",
            "module.nxos_config.module.nxos_features.nxos_feature_tacacs.fmTacacsplus",
            "module.nxos_config.module.nxos_features.nxos_feature_telnet.fmTelnet",
            "module.nxos_config.module.nxos_features.nxos_feature_udld.fmUdld",
            "module.nxos_config.module.nxos_features.nxos_feature_vn_segment.fmVnSegment",
            "module.nxos_config.module.nxos_features.nxos_feature_vpc.fmVpc",
            "module.nxos_config.module.nxos_features.nxos_ospf.ospfEntity",
            "module.nxos_config.module.nxos_vrf.nxos_ipv4_vrf.ipv4Dom",
            "module.nxos_config.module.nxos_vrf.nxos_vrf.l3Inst",
            "module.nxos_config.module.nxos_vrf.nxos_vrf_address_family.rtctrlDomAf",
            "module.nxos_config.module.nxos_vrf.nxos_vrf_route_target.rtctrlRttEntry",
            "module.nxos_config.module.nxos_vrf.nxos_vrf_route_target_address_family.rtctrlAfCtrl",
            "module.nxos_config.module.nxos_vrf.nxos_vrf_route_target_direction.rtctrlRttP",
            "module.nxos_config.module.nxos_vrf.nxos_vrf_routing.rtctrlDom"
          ]
        }
      ]
    },
    {
      "module": "module.nxos_config.module.nxos_interface_vlan[\"87\"]",
      "mode": "managed",
      "type": "nxos_svi_interface_vrf",
      "name": "nwRtVrfMbr",
      "provider": "provider[\"registry.terraform.io/ciscodevnet/nxos\"]",
      "instances": [
        {
          "schema_version": 0,
          "attributes": {
            "device": null,
            "id": "sys/intf/svi-[vlan87]/rtvrfMbr",
            "interface_id": "vlan87",
            "vrf_dn": "sys/inst-cheifs"
          },
          "sensitive_attributes": [],
          "dependencies": [
            "module.nxos_config.module.nxos_features.nxos_feature_bfd.fmBfd",
            "module.nxos_config.module.nxos_features.nxos_feature_bgp.fmBgp",
            "module.nxos_config.module.nxos_features.nxos_feature_dhcp.fmDhcp",
            "module.nxos_config.module.nxos_features.nxos_feature_evpn.fmEvpn",
            "module.nxos_config.module.nxos_features.nxos_feature_hmm.fmHmm",
            "module.nxos_config.module.nxos_features.nxos_feature_hsrp.fmHsrp",
            "module.nxos_config.module.nxos_features.nxos_feature_interface_vlan.fmInterfaceVlan",
            "module.nxos_config.module.nxos_features.nxos_feature_isis.fmIsis",
            "module.nxos_config.module.nxos_features.nxos_feature_lacp.fmLacp",
            "module.nxos_config.module.nxos_features.nxos_feature_lldp.fmLldp",
            "module.nxos_config.module.nxos_features.nxos_feature_macsec.fmMacsec",
            "module.nxos_config.module.nxos_features.nxos_feature_netflow.fmNetflow",
            "module.nxos_config.module.nxos_features.nxos_feature_nv_overlay.fmNvo",
            "module.nxos_config.module.nxos_features.nxos_feature_ospf.fmOspf",
            "module.nxos_config.module.nxos_features.nxos_feature_ospfv3.fmOspfv3",
            "module.nxos_config.module.nxos_features.nxos_feature_pim.fmPim",
            "module.nxos_config.module.nxos_features.nxos_feature_ptp.fmPtp",
            "module.nxos_config.module.nxos_features.nxos_feature_pvlan.fmPvlan",
            "module.nxos_config.module.nxos_features.nxos_feature_ssh.fmSsh",
            "module.nxos_config.module.nxos_features.nxos_feature_tacacs.fmTacacsplus",
            "module.nxos_config.module.nxos_features.nxos_feature_telnet.fmTelnet",
            "module.nxos_config.module.nxos_features.nxos_feature_udld.fmUdld",
            "module.nxos_config.module.nxos_features.nxos_feature_vn_segment.fmVnSegment",
            "module.nxos_config.module.nxos_features.nxos_feature_vpc.fmVpc",
            "module.nxos_config.module.nxos_features.nxos_ospf.ospfEntity",
            "module.nxos_config.module.nxos_interface_vlan.nxos_svi_interface.sviIf",
            "module.nxos_config.module.nxos_vrf.nxos_ipv4_vrf.ipv4Dom",
            "module.nxos_config.module.nxos_vrf.nxos_vrf.l3Inst",
            "module.nxos_config.module.nxos_vrf.nxos_vrf_address_family.rtctrlDomAf",
            "module.nxos_config.module.nxos_vrf.nxos_vrf_route_target.rtctrlRttEntry",
            "module.nxos_config.module.nxos_vrf.nxos_vrf_route_target_address_family.rtctrlAfCtrl",
            "module.nxos_config.module.nxos_vrf.nxos_vrf_route_target_direction.rtctrlRttP",
            "module.nxos_config.module.nxos_vrf.nxos_vrf_routing.rtctrlDom"
          ]
        }
      ]
    },
    {
      "module": "module.nxos_config.module.nxos_interface_vlan[\"95\"]",
      "mode": "managed",
      "type": "nxos_ipv4_interface",
      "name": "ipv4If",
      "provider": "provider[\"registry.terraform.io/ciscodevnet/nxos\"]",
      "instances": [
        {
          "schema_version": 0,
          "attributes": {
            "device": null,
            "drop_glean": "disabled",
            "forward": "disabled",
            "id": "sys/ipv4/inst/dom-[cheifs]/if-[vlan95]",
            "interface_id": "vlan95",
            "unnumbered": "unspecified",
            "urpf": "disabled",
            "vrf": "cheifs"
          },
          "sensitive_attributes": [],
          "dependencies": [
            "module.nxos_config.module.nxos_features.nxos_feature_bfd.fmBfd",
            "module.nxos_config.module.nxos_features.nxos_feature_bgp.fmBgp",
            "module.nxos_config.module.nxos_features.nxos_feature_dhcp.fmDhcp",
            "module.nxos_config.module.nxos_features.nxos_feature_evpn.fmEvpn",
            "module.nxos_config.module.nxos_features.nxos_feature_hmm.fmHmm",
            "module.nxos_config.module.nxos_features.nxos_feature_hsrp.fmHsrp",
            "module.nxos_config.module.nxos_features.nxos_feature_interface_vlan.fmInterfaceVlan",
            "module.nxos_config.module.nxos_features.nxos_feature_isis.fmIsis",
            "module.nxos_config.module.nxos_features.nxos_feature_lacp.fmLacp",
            "module.nxos_config.module.nxos_features.nxos_feature_lldp.fmLldp",
            "module.nxos_config.module.nxos_features.nxos_feature_macsec.fmMacsec",
            "module.nxos_config.module.nxos_features.nxos_feature_netflow.fmNetflow",
            "module.nxos_config.module.nxos_features.nxos_feature_nv_overlay.fmNvo",
            "module.nxos_config.module.nxos_features.nxos_feature_ospf.fmOspf",
            "module.nxos_config.module.nxos_features.nxos_feature_ospfv3.fmOspfv3",
            "module.nxos_config.module.nxos_features.nxos_feature_pim.fmPim",
            "module.nxos_config.module.nxos_features.nxos_feature_ptp.fmPtp",
            "module.nxos_config.module.nxos_features.nxos_feature_pvlan.fmPvlan",
            "module.nxos_config.module.nxos_features.nxos_feature_ssh.fmSsh",
            "module.nxos_config.module.nxos_features.nxos_feature_tacacs.fmTacacsplus",
            "module.nxos_config.module.nxos_features.nxos_feature_telnet.fmTelnet",
            "module.nxos_config.module.nxos_features.nxos_feature_udld.fmUdld",
            "module.nxos_config.module.nxos_features.nxos_feature_vn_segment.fmVnSegment",
            "module.nxos_config.module.nxos_features.nxos_feature_vpc.fmVpc",
            "module.nxos_config.module.nxos_features.nxos_ospf.ospfEntity",
            "module.nxos_config.module.nxos_interface_vlan.nxos_svi_interface.sviIf",
            "module.nxos_config.module.nxos_interface_vlan.nxos_svi_interface_vrf.nwRtVrfMbr",
            "module.nxos_config.module.nxos_vrf.nxos_ipv4_vrf.ipv4Dom",
            "module.nxos_config.module.nxos_vrf.nxos_vrf.l3Inst",
            "module.nxos_config.module.nxos_vrf.nxos_vrf_address_family.rtctrlDomAf",
            "module.nxos_config.module.nxos_vrf.nxos_vrf_route_target.rtctrlRttEntry",
            "module.nxos_config.module.nxos_vrf.nxos_vrf_route_target_address_family.rtctrlAfCtrl",
            "module.nxos_config.module.nxos_vrf.nxos_vrf_route_target_direction.rtctrlRttP",
            "module.nxos_config.module.nxos_vrf.nxos_vrf_routing.rtctrlDom"
          ]
        }
      ]
    },
    {
      "module": "module.nxos_config.module.nxos_interface_vlan[\"95\"]",
      "mode": "managed",
      "type": "nxos_ipv4_interface_address",
      "name": "ipv4Addr",
      "provider": "provider[\"registry.terraform.io/ciscodevnet/nxos\"]",
      "instances": [
        {
          "index_key": 0,
          "schema_version": 0,
          "attributes": {
            "address": "192.168.95.2/24",
            "device": null,
            "id": "sys/ipv4/inst/dom-[cheifs]/if-[vlan95]/addr-[192.168.95.2/24]",
            "interface_id": "vlan95",
            "type": "primary",
            "vrf": "cheifs"
          },
          "sensitive_attributes": [],
          "dependencies": [
            "module.nxos_config.module.nxos_features.nxos_feature_bfd.fmBfd",
            "module.nxos_config.module.nxos_features.nxos_feature_bgp.fmBgp",
            "module.nxos_config.module.nxos_features.nxos_feature_dhcp.fmDhcp",
            "module.nxos_config.module.nxos_features.nxos_feature_evpn.fmEvpn",
            "module.nxos_config.module.nxos_features.nxos_feature_hmm.fmHmm",
            "module.nxos_config.module.nxos_features.nxos_feature_hsrp.fmHsrp",
            "module.nxos_config.module.nxos_features.nxos_feature_interface_vlan.fmInterfaceVlan",
            "module.nxos_config.module.nxos_features.nxos_feature_isis.fmIsis",
            "module.nxos_config.module.nxos_features.nxos_feature_lacp.fmLacp",
            "module.nxos_config.module.nxos_features.nxos_feature_lldp.fmLldp",
            "module.nxos_config.module.nxos_features.nxos_feature_macsec.fmMacsec",
            "module.nxos_config.module.nxos_features.nxos_feature_netflow.fmNetflow",
            "module.nxos_config.module.nxos_features.nxos_feature_nv_overlay.fmNvo",
            "module.nxos_config.module.nxos_features.nxos_feature_ospf.fmOspf",
            "module.nxos_config.module.nxos_features.nxos_feature_ospfv3.fmOspfv3",
            "module.nxos_config.module.nxos_features.nxos_feature_pim.fmPim",
            "module.nxos_config.module.nxos_features.nxos_feature_ptp.fmPtp",
            "module.nxos_config.module.nxos_features.nxos_feature_pvlan.fmPvlan",
            "module.nxos_config.module.nxos_features.nxos_feature_ssh.fmSsh",
            "module.nxos_config.module.nxos_features.nxos_feature_tacacs.fmTacacsplus",
            "module.nxos_config.module.nxos_features.nxos_feature_telnet.fmTelnet",
            "module.nxos_config.module.nxos_features.nxos_feature_udld.fmUdld",
            "module.nxos_config.module.nxos_features.nxos_feature_vn_segment.fmVnSegment",
            "module.nxos_config.module.nxos_features.nxos_feature_vpc.fmVpc",
            "module.nxos_config.module.nxos_features.nxos_ospf.ospfEntity",
            "module.nxos_config.module.nxos_interface_vlan.nxos_ipv4_interface.ipv4If",
            "module.nxos_config.module.nxos_interface_vlan.nxos_svi_interface.sviIf",
            "module.nxos_config.module.nxos_interface_vlan.nxos_svi_interface_vrf.nwRtVrfMbr",
            "module.nxos_config.module.nxos_vrf.nxos_ipv4_vrf.ipv4Dom",
            "module.nxos_config.module.nxos_vrf.nxos_vrf.l3Inst",
            "module.nxos_config.module.nxos_vrf.nxos_vrf_address_family.rtctrlDomAf",
            "module.nxos_config.module.nxos_vrf.nxos_vrf_route_target.rtctrlRttEntry",
            "module.nxos_config.module.nxos_vrf.nxos_vrf_route_target_address_family.rtctrlAfCtrl",
            "module.nxos_config.module.nxos_vrf.nxos_vrf_route_target_direction.rtctrlRttP",
            "module.nxos_config.module.nxos_vrf.nxos_vrf_routing.rtctrlDom"
          ]
        }
      ]
    },
    {
      "module": "module.nxos_config.module.nxos_interface_vlan[\"95\"]",
      "mode": "managed",
      "type": "nxos_svi_interface",
      "name": "sviIf",
      "provider": "provider[\"registry.terraform.io/ciscodevnet/nxos\"]",
      "instances": [
        {
          "schema_version": 0,
          "attributes": {
            "admin_state": "up",
            "bandwidth": 1000000,
            "delay": 1,
            "description": "jones",
            "device": null,
            "id": "sys/intf/svi-[vlan95]",
            "interface_id": "vlan95",
            "medium": "bcast",
            "mtu": 9216
          },
          "sensitive_attributes": [],
          "dependencies": [
            "module.nxos_config.module.nxos_features.nxos_feature_bfd.fmBfd",
            "module.nxos_config.module.nxos_features.nxos_feature_bgp.fmBgp",
            "module.nxos_config.module.nxos_features.nxos_feature_dhcp.fmDhcp",
            "module.nxos_config.module.nxos_features.nxos_feature_evpn.fmEvpn",
            "module.nxos_config.module.nxos_features.nxos_feature_hmm.fmHmm",
            "module.nxos_config.module.nxos_features.nxos_feature_hsrp.fmHsrp",
            "module.nxos_config.module.nxos_features.nxos_feature_interface_vlan.fmInterfaceVlan",
            "module.nxos_config.module.nxos_features.nxos_feature_isis.fmIsis",
            "module.nxos_config.module.nxos_features.nxos_feature_lacp.fmLacp",
            "module.nxos_config.module.nxos_features.nxos_feature_lldp.fmLldp",
            "module.nxos_config.module.nxos_features.nxos_feature_macsec.fmMacsec",
            "module.nxos_config.module.nxos_features.nxos_feature_netflow.fmNetflow",
            "module.nxos_config.module.nxos_features.nxos_feature_nv_overlay.fmNvo",
            "module.nxos_config.module.nxos_features.nxos_feature_ospf.fmOspf",
            "module.nxos_config.module.nxos_features.nxos_feature_ospfv3.fmOspfv3",
            "module.nxos_config.module.nxos_features.nxos_feature_pim.fmPim",
            "module.nxos_config.module.nxos_features.nxos_feature_ptp.fmPtp",
            "module.nxos_config.module.nxos_features.nxos_feature_pvlan.fmPvlan",
            "module.nxos_config.module.nxos_features.nxos_feature_ssh.fmSsh",
            "module.nxos_config.module.nxos_features.nxos_feature_tacacs.fmTacacsplus",
            "module.nxos_config.module.nxos_features.nxos_feature_telnet.fmTelnet",
            "module.nxos_config.module.nxos_features.nxos_feature_udld.fmUdld",
            "module.nxos_config.module.nxos_features.nxos_feature_vn_segment.fmVnSegment",
            "module.nxos_config.module.nxos_features.nxos_feature_vpc.fmVpc",
            "module.nxos_config.module.nxos_features.nxos_ospf.ospfEntity",
            "module.nxos_config.module.nxos_vrf.nxos_ipv4_vrf.ipv4Dom",
            "module.nxos_config.module.nxos_vrf.nxos_vrf.l3Inst",
            "module.nxos_config.module.nxos_vrf.nxos_vrf_address_family.rtctrlDomAf",
            "module.nxos_config.module.nxos_vrf.nxos_vrf_route_target.rtctrlRttEntry",
            "module.nxos_config.module.nxos_vrf.nxos_vrf_route_target_address_family.rtctrlAfCtrl",
            "module.nxos_config.module.nxos_vrf.nxos_vrf_route_target_direction.rtctrlRttP",
            "module.nxos_config.module.nxos_vrf.nxos_vrf_routing.rtctrlDom"
          ]
        }
      ]
    },
    {
      "module": "module.nxos_config.module.nxos_interface_vlan[\"95\"]",
      "mode": "managed",
      "type": "nxos_svi_interface_vrf",
      "name": "nwRtVrfMbr",
      "provider": "provider[\"registry.terraform.io/ciscodevnet/nxos\"]",
      "instances": [
        {
          "schema_version": 0,
          "attributes": {
            "device": null,
            "id": "sys/intf/svi-[vlan95]/rtvrfMbr",
            "interface_id": "vlan95",
            "vrf_dn": "sys/inst-cheifs"
          },
          "sensitive_attributes": [],
          "dependencies": [
            "module.nxos_config.module.nxos_features.nxos_feature_bfd.fmBfd",
            "module.nxos_config.module.nxos_features.nxos_feature_bgp.fmBgp",
            "module.nxos_config.module.nxos_features.nxos_feature_dhcp.fmDhcp",
            "module.nxos_config.module.nxos_features.nxos_feature_evpn.fmEvpn",
            "module.nxos_config.module.nxos_features.nxos_feature_hmm.fmHmm",
            "module.nxos_config.module.nxos_features.nxos_feature_hsrp.fmHsrp",
            "module.nxos_config.module.nxos_features.nxos_feature_interface_vlan.fmInterfaceVlan",
            "module.nxos_config.module.nxos_features.nxos_feature_isis.fmIsis",
            "module.nxos_config.module.nxos_features.nxos_feature_lacp.fmLacp",
            "module.nxos_config.module.nxos_features.nxos_feature_lldp.fmLldp",
            "module.nxos_config.module.nxos_features.nxos_feature_macsec.fmMacsec",
            "module.nxos_config.module.nxos_features.nxos_feature_netflow.fmNetflow",
            "module.nxos_config.module.nxos_features.nxos_feature_nv_overlay.fmNvo",
            "module.nxos_config.module.nxos_features.nxos_feature_ospf.fmOspf",
            "module.nxos_config.module.nxos_features.nxos_feature_ospfv3.fmOspfv3",
            "module.nxos_config.module.nxos_features.nxos_feature_pim.fmPim",
            "module.nxos_config.module.nxos_features.nxos_feature_ptp.fmPtp",
            "module.nxos_config.module.nxos_features.nxos_feature_pvlan.fmPvlan",
            "module.nxos_config.module.nxos_features.nxos_feature_ssh.fmSsh",
            "module.nxos_config.module.nxos_features.nxos_feature_tacacs.fmTacacsplus",
            "module.nxos_config.module.nxos_features.nxos_feature_telnet.fmTelnet",
            "module.nxos_config.module.nxos_features.nxos_feature_udld.fmUdld",
            "module.nxos_config.module.nxos_features.nxos_feature_vn_segment.fmVnSegment",
            "module.nxos_config.module.nxos_features.nxos_feature_vpc.fmVpc",
            "module.nxos_config.module.nxos_features.nxos_ospf.ospfEntity",
            "module.nxos_config.module.nxos_interface_vlan.nxos_svi_interface.sviIf",
            "module.nxos_config.module.nxos_vrf.nxos_ipv4_vrf.ipv4Dom",
            "module.nxos_config.module.nxos_vrf.nxos_vrf.l3Inst",
            "module.nxos_config.module.nxos_vrf.nxos_vrf_address_family.rtctrlDomAf",
            "module.nxos_config.module.nxos_vrf.nxos_vrf_route_target.rtctrlRttEntry",
            "module.nxos_config.module.nxos_vrf.nxos_vrf_route_target_address_family.rtctrlAfCtrl",
            "module.nxos_config.module.nxos_vrf.nxos_vrf_route_target_direction.rtctrlRttP",
            "module.nxos_config.module.nxos_vrf.nxos_vrf_routing.rtctrlDom"
          ]
        }
      ]
    },
    {
      "module": "module.nxos_config.module.nxos_vrf[\"cheifs\"]",
      "mode": "managed",
      "type": "nxos_ipv4_vrf",
      "name": "ipv4Dom",
      "provider": "provider[\"registry.terraform.io/ciscodevnet/nxos\"]",
      "instances": [
        {
          "schema_version": 0,
          "attributes": {
            "device": null,
            "id": "sys/ipv4/inst/dom-[cheifs]",
            "name": "cheifs"
          },
          "sensitive_attributes": [],
          "dependencies": [
            "module.nxos_config.module.nxos_features.nxos_feature_bfd.fmBfd",
            "module.nxos_config.module.nxos_features.nxos_feature_bgp.fmBgp",
            "module.nxos_config.module.nxos_features.nxos_feature_dhcp.fmDhcp",
            "module.nxos_config.module.nxos_features.nxos_feature_evpn.fmEvpn",
            "module.nxos_config.module.nxos_features.nxos_feature_hmm.fmHmm",
            "module.nxos_config.module.nxos_features.nxos_feature_hsrp.fmHsrp",
            "module.nxos_config.module.nxos_features.nxos_feature_interface_vlan.fmInterfaceVlan",
            "module.nxos_config.module.nxos_features.nxos_feature_isis.fmIsis",
            "module.nxos_config.module.nxos_features.nxos_feature_lacp.fmLacp",
            "module.nxos_config.module.nxos_features.nxos_feature_lldp.fmLldp",
            "module.nxos_config.module.nxos_features.nxos_feature_macsec.fmMacsec",
            "module.nxos_config.module.nxos_features.nxos_feature_netflow.fmNetflow",
            "module.nxos_config.module.nxos_features.nxos_feature_nv_overlay.fmNvo",
            "module.nxos_config.module.nxos_features.nxos_feature_ospf.fmOspf",
            "module.nxos_config.module.nxos_features.nxos_feature_ospfv3.fmOspfv3",
            "module.nxos_config.module.nxos_features.nxos_feature_pim.fmPim",
            "module.nxos_config.module.nxos_features.nxos_feature_ptp.fmPtp",
            "module.nxos_config.module.nxos_features.nxos_feature_pvlan.fmPvlan",
            "module.nxos_config.module.nxos_features.nxos_feature_ssh.fmSsh",
            "module.nxos_config.module.nxos_features.nxos_feature_tacacs.fmTacacsplus",
            "module.nxos_config.module.nxos_features.nxos_feature_telnet.fmTelnet",
            "module.nxos_config.module.nxos_features.nxos_feature_udld.fmUdld",
            "module.nxos_config.module.nxos_features.nxos_feature_vn_segment.fmVnSegment",
            "module.nxos_config.module.nxos_features.nxos_feature_vpc.fmVpc",
            "module.nxos_config.module.nxos_features.nxos_ospf.ospfEntity"
          ]
        }
      ]
    },
    {
      "module": "module.nxos_config.module.nxos_vrf[\"cheifs\"]",
      "mode": "managed",
      "type": "nxos_vrf",
      "name": "l3Inst",
      "provider": "provider[\"registry.terraform.io/ciscodevnet/nxos\"]",
      "instances": [
        {
          "index_key": 0,
          "schema_version": 0,
          "attributes": {
            "description": "",
            "device": null,
            "encap": "unknown",
            "id": "sys/inst-[cheifs]",
            "name": "cheifs"
          },
          "sensitive_attributes": [],
          "dependencies": [
            "module.nxos_config.module.nxos_features.nxos_feature_bfd.fmBfd",
            "module.nxos_config.module.nxos_features.nxos_feature_bgp.fmBgp",
            "module.nxos_config.module.nxos_features.nxos_feature_dhcp.fmDhcp",
            "module.nxos_config.module.nxos_features.nxos_feature_evpn.fmEvpn",
            "module.nxos_config.module.nxos_features.nxos_feature_hmm.fmHmm",
            "module.nxos_config.module.nxos_features.nxos_feature_hsrp.fmHsrp",
            "module.nxos_config.module.nxos_features.nxos_feature_interface_vlan.fmInterfaceVlan",
            "module.nxos_config.module.nxos_features.nxos_feature_isis.fmIsis",
            "module.nxos_config.module.nxos_features.nxos_feature_lacp.fmLacp",
            "module.nxos_config.module.nxos_features.nxos_feature_lldp.fmLldp",
            "module.nxos_config.module.nxos_features.nxos_feature_macsec.fmMacsec",
            "module.nxos_config.module.nxos_features.nxos_feature_netflow.fmNetflow",
            "module.nxos_config.module.nxos_features.nxos_feature_nv_overlay.fmNvo",
            "module.nxos_config.module.nxos_features.nxos_feature_ospf.fmOspf",
            "module.nxos_config.module.nxos_features.nxos_feature_ospfv3.fmOspfv3",
            "module.nxos_config.module.nxos_features.nxos_feature_pim.fmPim",
            "module.nxos_config.module.nxos_features.nxos_feature_ptp.fmPtp",
            "module.nxos_config.module.nxos_features.nxos_feature_pvlan.fmPvlan",
            "module.nxos_config.module.nxos_features.nxos_feature_ssh.fmSsh",
            "module.nxos_config.module.nxos_features.nxos_feature_tacacs.fmTacacsplus",
            "module.nxos_config.module.nxos_features.nxos_feature_telnet.fmTelnet",
            "module.nxos_config.module.nxos_features.nxos_feature_udld.fmUdld",
            "module.nxos_config.module.nxos_features.nxos_feature_vn_segment.fmVnSegment",
            "module.nxos_config.module.nxos_features.nxos_feature_vpc.fmVpc",
            "module.nxos_config.module.nxos_features.nxos_ospf.ospfEntity"
          ]
        }
      ]
    },
    {
      "module": "module.nxos_config.module.nxos_vrf[\"cheifs\"]",
      "mode": "managed",
      "type": "nxos_vrf_routing",
      "name": "rtctrlDom",
      "provider": "provider[\"registry.terraform.io/ciscodevnet/nxos\"]",
      "instances": [
        {
          "index_key": 0,
          "schema_version": 0,
          "attributes": {
            "device": null,
            "id": "sys/inst-[cheifs]/dom-[cheifs]",
            "route_distinguisher": "unknown:unknown:0:0",
            "vrf": "cheifs"
          },
          "sensitive_attributes": [],
          "dependencies": [
            "module.nxos_config.module.nxos_features.nxos_feature_bfd.fmBfd",
            "module.nxos_config.module.nxos_features.nxos_feature_bgp.fmBgp",
            "module.nxos_config.module.nxos_features.nxos_feature_dhcp.fmDhcp",
            "module.nxos_config.module.nxos_features.nxos_feature_evpn.fmEvpn",
            "module.nxos_config.module.nxos_features.nxos_feature_hmm.fmHmm",
            "module.nxos_config.module.nxos_features.nxos_feature_hsrp.fmHsrp",
            "module.nxos_config.module.nxos_features.nxos_feature_interface_vlan.fmInterfaceVlan",
            "module.nxos_config.module.nxos_features.nxos_feature_isis.fmIsis",
            "module.nxos_config.module.nxos_features.nxos_feature_lacp.fmLacp",
            "module.nxos_config.module.nxos_features.nxos_feature_lldp.fmLldp",
            "module.nxos_config.module.nxos_features.nxos_feature_macsec.fmMacsec",
            "module.nxos_config.module.nxos_features.nxos_feature_netflow.fmNetflow",
            "module.nxos_config.module.nxos_features.nxos_feature_nv_overlay.fmNvo",
            "module.nxos_config.module.nxos_features.nxos_feature_ospf.fmOspf",
            "module.nxos_config.module.nxos_features.nxos_feature_ospfv3.fmOspfv3",
            "module.nxos_config.module.nxos_features.nxos_feature_pim.fmPim",
            "module.nxos_config.module.nxos_features.nxos_feature_ptp.fmPtp",
            "module.nxos_config.module.nxos_features.nxos_feature_pvlan.fmPvlan",
            "module.nxos_config.module.nxos_features.nxos_feature_ssh.fmSsh",
            "module.nxos_config.module.nxos_features.nxos_feature_tacacs.fmTacacsplus",
            "module.nxos_config.module.nxos_features.nxos_feature_telnet.fmTelnet",
            "module.nxos_config.module.nxos_features.nxos_feature_udld.fmUdld",
            "module.nxos_config.module.nxos_features.nxos_feature_vn_segment.fmVnSegment",
            "module.nxos_config.module.nxos_features.nxos_feature_vpc.fmVpc",
            "module.nxos_config.module.nxos_features.nxos_ospf.ospfEntity",
            "module.nxos_config.module.nxos_vrf.nxos_vrf.l3Inst"
          ]
        }
      ]
    }
  ],
  "check_results": null
}
