{
  "version": 4,
  "terraform_version": "1.6.5",
  "serial": 382,
  "lineage": "b757da84-de60-0b93-4680-9b190084be5d",
  "outputs": {},
  "resources": [
    {
      "mode": "managed",
      "type": "nxos_bridge_domain",
      "name": "vlan15",
      "provider": "provider[\"registry.terraform.io/ciscodevnet/nxos\"]",
      "instances": [
        {
          "schema_version": 0,
          "attributes": {
            "access_encap": "unknown",
            "device": null,
            "fabric_encap": "vlan-15",
            "id": "sys/bd/bd-[vlan-15]",
            "name": "mahomes"
          },
          "sensitive_attributes": []
        }
      ]
    },
    {
      "mode": "managed",
      "type": "nxos_bridge_domain",
      "name": "vlan87",
      "provider": "provider[\"registry.terraform.io/ciscodevnet/nxos\"]",
      "instances": [
        {
          "schema_version": 0,
          "attributes": {
            "access_encap": "unknown",
            "device": null,
            "fabric_encap": "vlan-87",
            "id": "sys/bd/bd-[vlan-87]",
            "name": "kelce"
          },
          "sensitive_attributes": []
        }
      ]
    },
    {
      "mode": "managed",
      "type": "nxos_bridge_domain",
      "name": "vlan95",
      "provider": "provider[\"registry.terraform.io/ciscodevnet/nxos\"]",
      "instances": [
        {
          "schema_version": 0,
          "attributes": {
            "access_encap": "unknown",
            "device": null,
            "fabric_encap": "vlan-95",
            "id": "sys/bd/bd-[vlan-95]",
            "name": "jones"
          },
          "sensitive_attributes": []
        }
      ]
    },
    {
      "mode": "managed",
      "type": "nxos_feature_hsrp",
      "name": "hsrp",
      "provider": "provider[\"registry.terraform.io/ciscodevnet/nxos\"]",
      "instances": [
        {
          "schema_version": 0,
          "attributes": {
            "admin_state": "enabled",
            "device": null,
            "id": "sys/fm/hsrp"
          },
          "sensitive_attributes": []
        }
      ]
    },
    {
      "mode": "managed",
      "type": "nxos_feature_interface_vlan",
      "name": "interface_vlan",
      "provider": "provider[\"registry.terraform.io/ciscodevnet/nxos\"]",
      "instances": [
        {
          "schema_version": 0,
          "attributes": {
            "admin_state": "enabled",
            "device": null,
            "id": "sys/fm/ifvlan"
          },
          "sensitive_attributes": []
        }
      ]
    },
    {
      "mode": "managed",
      "type": "nxos_ipv4_interface",
      "name": "svi15_l3",
      "provider": "provider[\"registry.terraform.io/ciscodevnet/nxos\"]",
      "instances": [
        {
          "schema_version": 0,
          "attributes": {
            "device": null,
            "drop_glean": "disabled",
            "forward": "disabled",
            "id": "sys/ipv4/inst/dom-[chiefs]/if-[vlan15]",
            "interface_id": "vlan15",
            "unnumbered": "unspecified",
            "urpf": "disabled",
            "vrf": "chiefs"
          },
          "sensitive_attributes": [],
          "dependencies": [
            "nxos_feature_interface_vlan.interface_vlan",
            "nxos_svi_interface.svi15",
            "nxos_svi_interface_vrf.svi15_vrf"
          ]
        }
      ]
    },
    {
      "mode": "managed",
      "type": "nxos_ipv4_interface",
      "name": "svi87_l3",
      "provider": "provider[\"registry.terraform.io/ciscodevnet/nxos\"]",
      "instances": [
        {
          "schema_version": 0,
          "attributes": {
            "device": null,
            "drop_glean": "disabled",
            "forward": "disabled",
            "id": "sys/ipv4/inst/dom-[chiefs]/if-[vlan87]",
            "interface_id": "vlan87",
            "unnumbered": "unspecified",
            "urpf": "disabled",
            "vrf": "chiefs"
          },
          "sensitive_attributes": [],
          "dependencies": [
            "nxos_feature_interface_vlan.interface_vlan",
            "nxos_svi_interface.svi87",
            "nxos_svi_interface_vrf.svi87_vrf"
          ]
        }
      ]
    },
    {
      "mode": "managed",
      "type": "nxos_ipv4_interface",
      "name": "svi95_l3",
      "provider": "provider[\"registry.terraform.io/ciscodevnet/nxos\"]",
      "instances": [
        {
          "schema_version": 0,
          "attributes": {
            "device": null,
            "drop_glean": "disabled",
            "forward": "disabled",
            "id": "sys/ipv4/inst/dom-[chiefs]/if-[vlan95]",
            "interface_id": "vlan95",
            "unnumbered": "unspecified",
            "urpf": "disabled",
            "vrf": "chiefs"
          },
          "sensitive_attributes": [],
          "dependencies": [
            "nxos_feature_interface_vlan.interface_vlan",
            "nxos_svi_interface.svi95",
            "nxos_svi_interface_vrf.svi95_vrf"
          ]
        }
      ]
    },
    {
      "mode": "managed",
      "type": "nxos_ipv4_interface_address",
      "name": "svi15_ip",
      "provider": "provider[\"registry.terraform.io/ciscodevnet/nxos\"]",
      "instances": [
        {
          "schema_version": 0,
          "attributes": {
            "address": "192.168.15.2/24",
            "device": null,
            "id": "sys/ipv4/inst/dom-[chiefs]/if-[vlan15]/addr-[192.168.15.2/24]",
            "interface_id": "vlan15",
            "type": "primary",
            "vrf": "chiefs"
          },
          "sensitive_attributes": [],
          "dependencies": [
            "nxos_feature_interface_vlan.interface_vlan",
            "nxos_ipv4_interface.svi15_l3",
            "nxos_svi_interface.svi15",
            "nxos_svi_interface_vrf.svi15_vrf"
          ]
        }
      ]
    },
    {
      "mode": "managed",
      "type": "nxos_ipv4_interface_address",
      "name": "svi87_ip",
      "provider": "provider[\"registry.terraform.io/ciscodevnet/nxos\"]",
      "instances": [
        {
          "schema_version": 0,
          "attributes": {
            "address": "192.168.87.2/24",
            "device": null,
            "id": "sys/ipv4/inst/dom-[chiefs]/if-[vlan87]/addr-[192.168.87.2/24]",
            "interface_id": "vlan87",
            "type": "primary",
            "vrf": "chiefs"
          },
          "sensitive_attributes": [],
          "dependencies": [
            "nxos_feature_interface_vlan.interface_vlan",
            "nxos_ipv4_interface.svi87_l3",
            "nxos_svi_interface.svi87",
            "nxos_svi_interface_vrf.svi87_vrf"
          ]
        }
      ]
    },
    {
      "mode": "managed",
      "type": "nxos_ipv4_interface_address",
      "name": "svi95_ip",
      "provider": "provider[\"registry.terraform.io/ciscodevnet/nxos\"]",
      "instances": [
        {
          "schema_version": 0,
          "attributes": {
            "address": "192.168.95.2/24",
            "device": null,
            "id": "sys/ipv4/inst/dom-[chiefs]/if-[vlan95]/addr-[192.168.95.2/24]",
            "interface_id": "vlan95",
            "type": "primary",
            "vrf": "chiefs"
          },
          "sensitive_attributes": [],
          "dependencies": [
            "nxos_feature_interface_vlan.interface_vlan",
            "nxos_ipv4_interface.svi95_l3",
            "nxos_svi_interface.svi95",
            "nxos_svi_interface_vrf.svi95_vrf"
          ]
        }
      ]
    },
    {
      "mode": "managed",
      "type": "nxos_physical_interface",
      "name": "eth1_5",
      "provider": "provider[\"registry.terraform.io/ciscodevnet/nxos\"]",
      "instances": [
        {
          "schema_version": 0,
          "attributes": {
            "access_vlan": "vlan-15",
            "admin_state": "up",
            "auto_negotiation": "on",
            "bandwidth": 0,
            "delay": 1,
            "description": "Mahomes",
            "device": null,
            "duplex": "auto",
            "fec_mode": "auto",
            "id": "sys/intf/phys-[eth1/5]",
            "interface_id": "eth1/5",
            "layer": "Layer2",
            "link_debounce_down": 100,
            "link_debounce_up": 0,
            "link_logging": "default",
            "medium": "broadcast",
            "mode": "access",
            "mtu": 1500,
            "native_vlan": "vlan-1",
            "speed": "auto",
            "speed_group": "auto",
            "trunk_vlans": "1-4094",
            "uni_directional_ethernet": "disable",
            "user_configured_flags": null
          },
          "sensitive_attributes": []
        }
      ]
    },
    {
      "mode": "managed",
      "type": "nxos_physical_interface",
      "name": "eth1_6",
      "provider": "provider[\"registry.terraform.io/ciscodevnet/nxos\"]",
      "instances": [
        {
          "schema_version": 0,
          "attributes": {
            "access_vlan": "vlan-87",
            "admin_state": "up",
            "auto_negotiation": "on",
            "bandwidth": 0,
            "delay": 1,
            "description": "kelce",
            "device": null,
            "duplex": "auto",
            "fec_mode": "auto",
            "id": "sys/intf/phys-[eth1/6]",
            "interface_id": "eth1/6",
            "layer": "Layer2",
            "link_debounce_down": 100,
            "link_debounce_up": 0,
            "link_logging": "default",
            "medium": "broadcast",
            "mode": "access",
            "mtu": 1500,
            "native_vlan": "vlan-1",
            "speed": "auto",
            "speed_group": "auto",
            "trunk_vlans": "1-4094",
            "uni_directional_ethernet": "disable",
            "user_configured_flags": null
          },
          "sensitive_attributes": []
        }
      ]
    },
    {
      "mode": "managed",
      "type": "nxos_physical_interface",
      "name": "eth1_7",
      "provider": "provider[\"registry.terraform.io/ciscodevnet/nxos\"]",
      "instances": [
        {
          "schema_version": 0,
          "attributes": {
            "access_vlan": "vlan-95",
            "admin_state": "up",
            "auto_negotiation": "on",
            "bandwidth": 0,
            "delay": 1,
            "description": "jones",
            "device": null,
            "duplex": "auto",
            "fec_mode": "auto",
            "id": "sys/intf/phys-[eth1/7]",
            "interface_id": "eth1/7",
            "layer": "Layer2",
            "link_debounce_down": 100,
            "link_debounce_up": 0,
            "link_logging": "default",
            "medium": "broadcast",
            "mode": "access",
            "mtu": 1500,
            "native_vlan": "vlan-1",
            "speed": "auto",
            "speed_group": "auto",
            "trunk_vlans": "1-4094",
            "uni_directional_ethernet": "disable",
            "user_configured_flags": null
          },
          "sensitive_attributes": []
        }
      ]
    },
    {
      "mode": "managed",
      "type": "nxos_svi_interface",
      "name": "svi15",
      "provider": "provider[\"registry.terraform.io/ciscodevnet/nxos\"]",
      "instances": [
        {
          "schema_version": 0,
          "attributes": {
            "admin_state": "up",
            "bandwidth": 1000000,
            "delay": 1,
            "description": "Mahomes",
            "device": null,
            "id": "sys/intf/svi-[vlan15]",
            "interface_id": "vlan15",
            "medium": "bcast",
            "mtu": 1500
          },
          "sensitive_attributes": [],
          "dependencies": [
            "nxos_feature_interface_vlan.interface_vlan"
          ]
        }
      ]
    },
    {
      "mode": "managed",
      "type": "nxos_svi_interface",
      "name": "svi87",
      "provider": "provider[\"registry.terraform.io/ciscodevnet/nxos\"]",
      "instances": [
        {
          "schema_version": 0,
          "attributes": {
            "admin_state": "up",
            "bandwidth": 1000000,
            "delay": 1,
            "description": "kelce",
            "device": null,
            "id": "sys/intf/svi-[vlan87]",
            "interface_id": "vlan87",
            "medium": "bcast",
            "mtu": 1500
          },
          "sensitive_attributes": [],
          "dependencies": [
            "nxos_feature_interface_vlan.interface_vlan"
          ]
        }
      ]
    },
    {
      "mode": "managed",
      "type": "nxos_svi_interface",
      "name": "svi95",
      "provider": "provider[\"registry.terraform.io/ciscodevnet/nxos\"]",
      "instances": [
        {
          "schema_version": 0,
          "attributes": {
            "admin_state": "up",
            "bandwidth": 1000000,
            "delay": 1,
            "description": "jones",
            "device": null,
            "id": "sys/intf/svi-[vlan95]",
            "interface_id": "vlan95",
            "medium": "bcast",
            "mtu": 1500
          },
          "sensitive_attributes": [],
          "dependencies": [
            "nxos_feature_interface_vlan.interface_vlan"
          ]
        }
      ]
    },
    {
      "mode": "managed",
      "type": "nxos_svi_interface_vrf",
      "name": "svi15_vrf",
      "provider": "provider[\"registry.terraform.io/ciscodevnet/nxos\"]",
      "instances": [
        {
          "schema_version": 0,
          "attributes": {
            "device": null,
            "id": "sys/intf/svi-[vlan15]/rtvrfMbr",
            "interface_id": "vlan15",
            "vrf_dn": "sys/inst-chiefs"
          },
          "sensitive_attributes": [],
          "dependencies": [
            "nxos_feature_interface_vlan.interface_vlan",
            "nxos_svi_interface.svi15"
          ]
        }
      ]
    },
    {
      "mode": "managed",
      "type": "nxos_svi_interface_vrf",
      "name": "svi87_vrf",
      "provider": "provider[\"registry.terraform.io/ciscodevnet/nxos\"]",
      "instances": [
        {
          "schema_version": 0,
          "attributes": {
            "device": null,
            "id": "sys/intf/svi-[vlan87]/rtvrfMbr",
            "interface_id": "vlan87",
            "vrf_dn": "sys/inst-chiefs"
          },
          "sensitive_attributes": [],
          "dependencies": [
            "nxos_feature_interface_vlan.interface_vlan",
            "nxos_svi_interface.svi87"
          ]
        }
      ]
    },
    {
      "mode": "managed",
      "type": "nxos_svi_interface_vrf",
      "name": "svi95_vrf",
      "provider": "provider[\"registry.terraform.io/ciscodevnet/nxos\"]",
      "instances": [
        {
          "schema_version": 0,
          "attributes": {
            "device": null,
            "id": "sys/intf/svi-[vlan95]/rtvrfMbr",
            "interface_id": "vlan95",
            "vrf_dn": "sys/inst-chiefs"
          },
          "sensitive_attributes": [],
          "dependencies": [
            "nxos_feature_interface_vlan.interface_vlan",
            "nxos_svi_interface.svi95"
          ]
        }
      ]
    },
    {
      "mode": "managed",
      "type": "nxos_system",
      "name": "topSystem",
      "provider": "provider[\"registry.terraform.io/ciscodevnet/nxos\"]",
      "instances": [
        {
          "schema_version": 0,
          "attributes": {
            "device": null,
            "id": "sys",
            "name": "tres-terraform"
          },
          "sensitive_attributes": []
        }
      ]
    },
    {
      "mode": "managed",
      "type": "nxos_vrf",
      "name": "vrf_chiefs",
      "provider": "provider[\"registry.terraform.io/ciscodevnet/nxos\"]",
      "instances": [
        {
          "schema_version": 0,
          "attributes": {
            "description": "The KC Chiefs",
            "device": null,
            "encap": "unknown",
            "id": "sys/inst-[chiefs]",
            "name": "chiefs"
          },
          "sensitive_attributes": []
        }
      ]
    }
  ],
  "check_results": null
}
